{
  "version": 4,
  "terraform_version": "1.11.2",
  "serial": 2905,
  "lineage": "8f3a43e0-1e7b-07e8-a828-8e1d9446ad77",
  "outputs": {
    "public_ip": {
      "value": "34.97.52.149",
      "type": "string"
    }
  },
  "resources": [
    {
      "mode": "data",
      "type": "google_client_config",
      "name": "default",
      "provider": "provider[\"registry.terraform.io/hashicorp/google-beta\"].mitsui-id-core",
      "instances": [
        {
          "schema_version": 0,
          "attributes": {
            "access_token": "ya29.c.c0ASRK0GbGmlNqmbBc97CEQB-SJAxrd9FatvypsieyETCZJ7qK5lClcoJomJ12OIsu89VzMF-Fzb10tnMp4DsTNEKsoKvM9mOAmzdTfOpkGavBkUGN_QcJGmes4HhvlUltRR_KbtRZ1VcnK4G5qsWx94lSmBGYmP3k4B7zyUDUvOeIkDpi6RWGklxlD0MhEyJvAJH9UuzR8t0HBje0f1lNEX6h3ExVyV8qqJc_jjTxVq24omMySdhuNsz_Unn7uRDsHWzM2WWwjBndxVmtgTap-OxuqklyxKwQgI9VZVVl5-ZuzsE2WmhMi0zpPB5KUWCr4rFEs4FU35cZP847oBoUkHais5uwzA_WqkhS-p_emvCThgH_auN_wef9f-0L388AXx5X8o55ia_ppF0zp1I312sgl9pq3m9kq6XmfqpVVmvIb-_tsjj68d2ldp_Bi4FRudtwMvIJMs3dWURzM6ZOt0ZyyVzuxaz6_mF_nOrgJzJ1dBJ671Oryh6y81IQnBOhrB01yOV1wksxSRu74B57eiO1Wljqejnp1g2UuX_dx-h51UWo1cdJrkzUvt3fsvIbW93xQbSxlguWaekYaoQR0Q2ty2uM4mjugRjj_m0QceXRJSindwzudVrYz6jXhF-ds6UuOQud6f0bOoSzizn1qf3mff8rmItfS4YXvBbxYiusqp1uzfJqRdx61qlmanejQBcwnUMrrt_IagrFQji_0lxWsxVwtkrZyjO3VysUZyqO09p08pjofU0f48pFaMm-4Rs0S0Q48wXMuZQ62lswhOJMi_9cm1_FOzoUa7M5ikW67j5-U-dp6vvjOxw1IskkvyllsBIsYUrdw4d8FrxhplwUmzU3Mkf8_zcF0s_Faf2vY8_Xk1Jn2FhznrY5SJ-_oUpujyYqt4o2xVs4-gRc5ZpnubWrpu5XS7putX9ydSslujUnvnuurwqnxclcJXQv-S3tRW4nzv0Xlq-gBo3r7st6e0hkIy1xq0atdro9wcM-k_ZeI4ruXBa",
            "default_labels": {},
            "id": "projects/mitsui-id-core-defaroyan/regions/asia-southeast2/zones/asia-southeast2-a",
            "project": "mitsui-id-core-defaroyan",
            "region": "asia-southeast2",
            "zone": "asia-southeast2-a"
          },
          "sensitive_attributes": [
            [
              {
                "type": "get_attr",
                "value": "access_token"
              }
            ]
          ]
        }
      ]
    },
    {
      "mode": "managed",
      "type": "google_compute_address",
      "name": "id_vpn_static_ip",
      "provider": "provider[\"registry.terraform.io/hashicorp/google\"].mitsui-id-net",
      "instances": [
        {
          "schema_version": 0,
          "attributes": {
            "address": "34.128.102.229",
            "address_type": "EXTERNAL",
            "creation_timestamp": "2025-03-18T23:44:41.351-07:00",
            "description": "",
            "effective_labels": {
              "goog-terraform-provisioned": "true"
            },
            "id": "projects/mitsui-id-network-defaroyan/regions/asia-southeast2/addresses/id-vpn-static-ip",
            "ip_version": "",
            "ipv6_endpoint_type": "",
            "label_fingerprint": "vezUS-42LLM=",
            "labels": null,
            "name": "id-vpn-static-ip",
            "network": "",
            "network_tier": "PREMIUM",
            "prefix_length": 0,
            "project": "mitsui-id-network-defaroyan",
            "purpose": "",
            "region": "asia-southeast2",
            "self_link": "https://www.googleapis.com/compute/v1/projects/mitsui-id-network-defaroyan/regions/asia-southeast2/addresses/id-vpn-static-ip",
            "subnetwork": "",
            "terraform_labels": {
              "goog-terraform-provisioned": "true"
            },
            "timeouts": null,
            "users": []
          },
          "sensitive_attributes": [],
          "private": "eyJlMmJmYjczMC1lY2FhLTExZTYtOGY4OC0zNDM2M2JjN2M0YzAiOnsiY3JlYXRlIjoxMjAwMDAwMDAwMDAwLCJkZWxldGUiOjEyMDAwMDAwMDAwMDAsInVwZGF0ZSI6MTIwMDAwMDAwMDAwMH19"
        }
      ]
    },
    {
      "mode": "managed",
      "type": "google_compute_address",
      "name": "jp_vpn_static_ip",
      "provider": "provider[\"registry.terraform.io/hashicorp/google\"].mitsui-jp-net",
      "instances": [
        {
          "schema_version": 0,
          "attributes": {
            "address": "34.97.255.238",
            "address_type": "EXTERNAL",
            "creation_timestamp": "2025-03-18T23:44:41.313-07:00",
            "description": "",
            "effective_labels": {
              "goog-terraform-provisioned": "true"
            },
            "id": "projects/mitsui-jp-network-defaroyan/regions/asia-northeast2/addresses/jp-vpn-static-ip",
            "ip_version": "",
            "ipv6_endpoint_type": "",
            "label_fingerprint": "vezUS-42LLM=",
            "labels": null,
            "name": "jp-vpn-static-ip",
            "network": "",
            "network_tier": "PREMIUM",
            "prefix_length": 0,
            "project": "mitsui-jp-network-defaroyan",
            "purpose": "",
            "region": "asia-northeast2",
            "self_link": "https://www.googleapis.com/compute/v1/projects/mitsui-jp-network-defaroyan/regions/asia-northeast2/addresses/jp-vpn-static-ip",
            "subnetwork": "",
            "terraform_labels": {
              "goog-terraform-provisioned": "true"
            },
            "timeouts": null,
            "users": []
          },
          "sensitive_attributes": [],
          "private": "eyJlMmJmYjczMC1lY2FhLTExZTYtOGY4OC0zNDM2M2JjN2M0YzAiOnsiY3JlYXRlIjoxMjAwMDAwMDAwMDAwLCJkZWxldGUiOjEyMDAwMDAwMDAwMDAsInVwZGF0ZSI6MTIwMDAwMDAwMDAwMH19"
        }
      ]
    },
    {
      "mode": "managed",
      "type": "google_compute_backend_service",
      "name": "lb_backend",
      "provider": "provider[\"registry.terraform.io/hashicorp/google\"].mitsui-id-net",
      "instances": [
        {
          "schema_version": 1,
          "attributes": {
            "affinity_cookie_ttl_sec": 0,
            "backend": [
              {
                "balancing_mode": "UTILIZATION",
                "capacity_scaler": 1,
                "custom_metrics": [],
                "description": "",
                "group": "https://www.googleapis.com/compute/v1/projects/mitsui-id-network-defaroyan/zones/asia-southeast2-a/instanceGroups/ngfw-instance-group",
                "max_connections": 0,
                "max_connections_per_endpoint": 0,
                "max_connections_per_instance": 0,
                "max_rate": 0,
                "max_rate_per_endpoint": 0,
                "max_rate_per_instance": 0,
                "max_utilization": 0
              }
            ],
            "cdn_policy": [],
            "circuit_breakers": [],
            "compression_mode": "",
            "connection_draining_timeout_sec": 300,
            "consistent_hash": [],
            "creation_timestamp": "2025-03-18T23:46:50.561-07:00",
            "custom_metrics": [],
            "custom_request_headers": null,
            "custom_response_headers": null,
            "description": "",
            "edge_security_policy": "",
            "enable_cdn": false,
            "fingerprint": "4qBaC_HJtyo=",
            "generated_id": 2638205182465791669,
            "health_checks": [
              "https://www.googleapis.com/compute/v1/projects/mitsui-id-network-defaroyan/global/healthChecks/ngfw-health-check"
            ],
            "iap": [],
            "id": "projects/mitsui-id-network-defaroyan/global/backendServices/lb-backend-service",
            "ip_address_selection_policy": "",
            "load_balancing_scheme": "EXTERNAL",
            "locality_lb_policies": [],
            "locality_lb_policy": "",
            "log_config": [],
            "name": "lb-backend-service",
            "outlier_detection": [],
            "port_name": "http",
            "project": "mitsui-id-network-defaroyan",
            "protocol": "HTTP",
            "security_policy": "",
            "security_settings": [],
            "self_link": "https://www.googleapis.com/compute/v1/projects/mitsui-id-network-defaroyan/global/backendServices/lb-backend-service",
            "service_lb_policy": "",
            "session_affinity": "NONE",
            "strong_session_affinity_cookie": [],
            "timeout_sec": 30,
            "timeouts": null
          },
          "sensitive_attributes": [],
          "private": "eyJlMmJmYjczMC1lY2FhLTExZTYtOGY4OC0zNDM2M2JjN2M0YzAiOnsiY3JlYXRlIjoxMjAwMDAwMDAwMDAwLCJkZWxldGUiOjEyMDAwMDAwMDAwMDAsInVwZGF0ZSI6MTIwMDAwMDAwMDAwMH0sInNjaGVtYV92ZXJzaW9uIjoiMSJ9",
          "dependencies": [
            "google_compute_health_check.ngfw_health_check",
            "google_compute_instance.ngfw_router",
            "google_compute_instance_group.ngfw_instance_group",
            "google_compute_network.internet_id_vpc",
            "google_compute_network.transit_id_vpc",
            "google_compute_subnetwork.subnet_internet_id_vpc",
            "google_compute_subnetwork.subnet_transit_id_vpc",
            "google_project_service.api_id_net"
          ]
        }
      ]
    },
    {
      "mode": "managed",
      "type": "google_compute_firewall",
      "name": "allow_external",
      "provider": "provider[\"registry.terraform.io/hashicorp/google\"].mitsui-id-net",
      "instances": [
        {
          "schema_version": 1,
          "attributes": {
            "allow": [
              {
                "ports": [],
                "protocol": "all"
              }
            ],
            "creation_timestamp": "2025-03-18T23:45:34.153-07:00",
            "deny": [],
            "description": "",
            "destination_ranges": [],
            "direction": "INGRESS",
            "disabled": false,
            "enable_logging": null,
            "id": "projects/mitsui-id-network-defaroyan/global/firewalls/allow-external",
            "log_config": [],
            "name": "allow-external",
            "network": "https://www.googleapis.com/compute/v1/projects/mitsui-id-network-defaroyan/global/networks/external-id-vpc",
            "priority": 1000,
            "project": "mitsui-id-network-defaroyan",
            "self_link": "https://www.googleapis.com/compute/v1/projects/mitsui-id-network-defaroyan/global/firewalls/allow-external",
            "source_ranges": [
              "10.10.0.0/16"
            ],
            "source_service_accounts": null,
            "source_tags": null,
            "target_service_accounts": null,
            "target_tags": null,
            "timeouts": null
          },
          "sensitive_attributes": [],
          "private": "eyJlMmJmYjczMC1lY2FhLTExZTYtOGY4OC0zNDM2M2JjN2M0YzAiOnsiY3JlYXRlIjoxMjAwMDAwMDAwMDAwLCJkZWxldGUiOjEyMDAwMDAwMDAwMDAsInVwZGF0ZSI6MTIwMDAwMDAwMDAwMH0sInNjaGVtYV92ZXJzaW9uIjoiMSJ9",
          "dependencies": [
            "google_compute_network.external_id_vpc",
            "google_project_service.api_id_net"
          ]
        }
      ]
    },
    {
      "mode": "managed",
      "type": "google_compute_firewall",
      "name": "allow_icmp_from_transit",
      "provider": "provider[\"registry.terraform.io/hashicorp/google\"].mitsui-id-core",
      "instances": [
        {
          "schema_version": 1,
          "attributes": {
            "allow": [
              {
                "ports": [],
                "protocol": "icmp"
              }
            ],
            "creation_timestamp": "2025-03-18T23:45:10.811-07:00",
            "deny": [],
            "description": "",
            "destination_ranges": [],
            "direction": "INGRESS",
            "disabled": false,
            "enable_logging": null,
            "id": "projects/mitsui-id-core-defaroyan/global/firewalls/allow-icmp-from-transit",
            "log_config": [],
            "name": "allow-icmp-from-transit",
            "network": "https://www.googleapis.com/compute/v1/projects/mitsui-id-core-defaroyan/global/networks/prod-vpc",
            "priority": 1000,
            "project": "mitsui-id-core-defaroyan",
            "self_link": "https://www.googleapis.com/compute/v1/projects/mitsui-id-core-defaroyan/global/firewalls/allow-icmp-from-transit",
            "source_ranges": [
              "10.10.0.0/16"
            ],
            "source_service_accounts": null,
            "source_tags": null,
            "target_service_accounts": null,
            "target_tags": null,
            "timeouts": null
          },
          "sensitive_attributes": [],
          "private": "eyJlMmJmYjczMC1lY2FhLTExZTYtOGY4OC0zNDM2M2JjN2M0YzAiOnsiY3JlYXRlIjoxMjAwMDAwMDAwMDAwLCJkZWxldGUiOjEyMDAwMDAwMDAwMDAsInVwZGF0ZSI6MTIwMDAwMDAwMDAwMH0sInNjaGVtYV92ZXJzaW9uIjoiMSJ9",
          "dependencies": [
            "google_compute_network.prod_vpc",
            "google_project_service.api_id_core"
          ]
        }
      ]
    },
    {
      "mode": "managed",
      "type": "google_compute_firewall",
      "name": "allow_lb_to_ngfw",
      "provider": "provider[\"registry.terraform.io/hashicorp/google\"].mitsui-id-net",
      "instances": [
        {
          "schema_version": 1,
          "attributes": {
            "allow": [
              {
                "ports": [
                  "80"
                ],
                "protocol": "tcp"
              }
            ],
            "creation_timestamp": "2025-03-18T23:45:19.895-07:00",
            "deny": [],
            "description": "",
            "destination_ranges": [],
            "direction": "INGRESS",
            "disabled": false,
            "enable_logging": null,
            "id": "projects/mitsui-id-network-defaroyan/global/firewalls/allow-lb-to-ngfw",
            "log_config": [],
            "name": "allow-lb-to-ngfw",
            "network": "https://www.googleapis.com/compute/v1/projects/mitsui-id-network-defaroyan/global/networks/internet-id-vpc",
            "priority": 1000,
            "project": "mitsui-id-network-defaroyan",
            "self_link": "https://www.googleapis.com/compute/v1/projects/mitsui-id-network-defaroyan/global/firewalls/allow-lb-to-ngfw",
            "source_ranges": [
              "130.211.0.0/22",
              "34.120.157.78",
              "35.191.0.0/16"
            ],
            "source_service_accounts": null,
            "source_tags": null,
            "target_service_accounts": null,
            "target_tags": [
              "nat-gateway"
            ],
            "timeouts": null
          },
          "sensitive_attributes": [],
          "private": "eyJlMmJmYjczMC1lY2FhLTExZTYtOGY4OC0zNDM2M2JjN2M0YzAiOnsiY3JlYXRlIjoxMjAwMDAwMDAwMDAwLCJkZWxldGUiOjEyMDAwMDAwMDAwMDAsInVwZGF0ZSI6MTIwMDAwMDAwMDAwMH0sInNjaGVtYV92ZXJzaW9uIjoiMSJ9",
          "dependencies": [
            "google_compute_global_address.lb_ip",
            "google_compute_network.internet_id_vpc",
            "google_project_service.api_id_net"
          ]
        }
      ]
    },
    {
      "mode": "managed",
      "type": "google_compute_firewall",
      "name": "allow_prod",
      "provider": "provider[\"registry.terraform.io/hashicorp/google\"].mitsui-id-net",
      "instances": [
        {
          "schema_version": 1,
          "attributes": {
            "allow": [
              {
                "ports": [],
                "protocol": "all"
              }
            ],
            "creation_timestamp": "2025-03-18T23:45:37.960-07:00",
            "deny": [],
            "description": "",
            "destination_ranges": [],
            "direction": "INGRESS",
            "disabled": false,
            "enable_logging": null,
            "id": "projects/mitsui-id-network-defaroyan/global/firewalls/allow-prod",
            "log_config": [],
            "name": "allow-prod",
            "network": "https://www.googleapis.com/compute/v1/projects/mitsui-id-network-defaroyan/global/networks/prod-id-vpc",
            "priority": 1000,
            "project": "mitsui-id-network-defaroyan",
            "self_link": "https://www.googleapis.com/compute/v1/projects/mitsui-id-network-defaroyan/global/firewalls/allow-prod",
            "source_ranges": [
              "10.10.0.0/16"
            ],
            "source_service_accounts": null,
            "source_tags": null,
            "target_service_accounts": null,
            "target_tags": null,
            "timeouts": null
          },
          "sensitive_attributes": [],
          "private": "eyJlMmJmYjczMC1lY2FhLTExZTYtOGY4OC0zNDM2M2JjN2M0YzAiOnsiY3JlYXRlIjoxMjAwMDAwMDAwMDAwLCJkZWxldGUiOjEyMDAwMDAwMDAwMDAsInVwZGF0ZSI6MTIwMDAwMDAwMDAwMH0sInNjaGVtYV92ZXJzaW9uIjoiMSJ9",
          "dependencies": [
            "google_compute_network.prod_id_vpc",
            "google_project_service.api_id_net"
          ]
        }
      ]
    },
    {
      "mode": "managed",
      "type": "google_compute_firewall",
      "name": "allow_ssh_id_external",
      "provider": "provider[\"registry.terraform.io/hashicorp/google\"].mitsui-id-net",
      "instances": [
        {
          "schema_version": 1,
          "attributes": {
            "allow": [
              {
                "ports": [
                  "22"
                ],
                "protocol": "tcp"
              }
            ],
            "creation_timestamp": "2025-03-18T23:45:32.380-07:00",
            "deny": [],
            "description": "",
            "destination_ranges": [],
            "direction": "INGRESS",
            "disabled": false,
            "enable_logging": null,
            "id": "projects/mitsui-id-network-defaroyan/global/firewalls/allow-ssh-external-id",
            "log_config": [],
            "name": "allow-ssh-external-id",
            "network": "https://www.googleapis.com/compute/v1/projects/mitsui-id-network-defaroyan/global/networks/external-id-vpc",
            "priority": 1000,
            "project": "mitsui-id-network-defaroyan",
            "self_link": "https://www.googleapis.com/compute/v1/projects/mitsui-id-network-defaroyan/global/firewalls/allow-ssh-external-id",
            "source_ranges": [
              "35.235.240.0/20"
            ],
            "source_service_accounts": null,
            "source_tags": null,
            "target_service_accounts": null,
            "target_tags": null,
            "timeouts": null
          },
          "sensitive_attributes": [],
          "private": "eyJlMmJmYjczMC1lY2FhLTExZTYtOGY4OC0zNDM2M2JjN2M0YzAiOnsiY3JlYXRlIjoxMjAwMDAwMDAwMDAwLCJkZWxldGUiOjEyMDAwMDAwMDAwMDAsInVwZGF0ZSI6MTIwMDAwMDAwMDAwMH0sInNjaGVtYV92ZXJzaW9uIjoiMSJ9",
          "dependencies": [
            "google_compute_network.external_id_vpc",
            "google_project_service.api_id_net"
          ]
        }
      ]
    },
    {
      "mode": "managed",
      "type": "google_compute_firewall",
      "name": "allow_ssh_id_internet",
      "provider": "provider[\"registry.terraform.io/hashicorp/google\"].mitsui-id-net",
      "instances": [
        {
          "schema_version": 1,
          "attributes": {
            "allow": [
              {
                "ports": [
                  "22"
                ],
                "protocol": "tcp"
              }
            ],
            "creation_timestamp": "2025-03-18T23:45:10.762-07:00",
            "deny": [],
            "description": "",
            "destination_ranges": [],
            "direction": "INGRESS",
            "disabled": false,
            "enable_logging": null,
            "id": "projects/mitsui-id-network-defaroyan/global/firewalls/allow-ssh-internet-id",
            "log_config": [],
            "name": "allow-ssh-internet-id",
            "network": "https://www.googleapis.com/compute/v1/projects/mitsui-id-network-defaroyan/global/networks/internet-id-vpc",
            "priority": 1000,
            "project": "mitsui-id-network-defaroyan",
            "self_link": "https://www.googleapis.com/compute/v1/projects/mitsui-id-network-defaroyan/global/firewalls/allow-ssh-internet-id",
            "source_ranges": [
              "35.235.240.0/20"
            ],
            "source_service_accounts": null,
            "source_tags": null,
            "target_service_accounts": null,
            "target_tags": null,
            "timeouts": null
          },
          "sensitive_attributes": [],
          "private": "eyJlMmJmYjczMC1lY2FhLTExZTYtOGY4OC0zNDM2M2JjN2M0YzAiOnsiY3JlYXRlIjoxMjAwMDAwMDAwMDAwLCJkZWxldGUiOjEyMDAwMDAwMDAwMDAsInVwZGF0ZSI6MTIwMDAwMDAwMDAwMH0sInNjaGVtYV92ZXJzaW9uIjoiMSJ9",
          "dependencies": [
            "google_compute_network.internet_id_vpc",
            "google_project_service.api_id_net"
          ]
        }
      ]
    },
    {
      "mode": "managed",
      "type": "google_compute_firewall",
      "name": "allow_ssh_id_prod",
      "provider": "provider[\"registry.terraform.io/hashicorp/google\"].mitsui-id-net",
      "instances": [
        {
          "schema_version": 1,
          "attributes": {
            "allow": [
              {
                "ports": [
                  "22"
                ],
                "protocol": "tcp"
              }
            ],
            "creation_timestamp": "2025-03-18T23:45:43.012-07:00",
            "deny": [],
            "description": "",
            "destination_ranges": [],
            "direction": "INGRESS",
            "disabled": false,
            "enable_logging": null,
            "id": "projects/mitsui-id-network-defaroyan/global/firewalls/allow-ssh-prod-id",
            "log_config": [],
            "name": "allow-ssh-prod-id",
            "network": "https://www.googleapis.com/compute/v1/projects/mitsui-id-network-defaroyan/global/networks/prod-id-vpc",
            "priority": 1000,
            "project": "mitsui-id-network-defaroyan",
            "self_link": "https://www.googleapis.com/compute/v1/projects/mitsui-id-network-defaroyan/global/firewalls/allow-ssh-prod-id",
            "source_ranges": [
              "35.235.240.0/20"
            ],
            "source_service_accounts": null,
            "source_tags": null,
            "target_service_accounts": null,
            "target_tags": null,
            "timeouts": null
          },
          "sensitive_attributes": [],
          "private": "eyJlMmJmYjczMC1lY2FhLTExZTYtOGY4OC0zNDM2M2JjN2M0YzAiOnsiY3JlYXRlIjoxMjAwMDAwMDAwMDAwLCJkZWxldGUiOjEyMDAwMDAwMDAwMDAsInVwZGF0ZSI6MTIwMDAwMDAwMDAwMH0sInNjaGVtYV92ZXJzaW9uIjoiMSJ9",
          "dependencies": [
            "google_compute_network.prod_id_vpc",
            "google_project_service.api_id_net"
          ]
        }
      ]
    },
    {
      "mode": "managed",
      "type": "google_compute_firewall",
      "name": "allow_ssh_id_transit",
      "provider": "provider[\"registry.terraform.io/hashicorp/google\"].mitsui-id-net",
      "instances": [
        {
          "schema_version": 1,
          "attributes": {
            "allow": [
              {
                "ports": [
                  "22"
                ],
                "protocol": "tcp"
              }
            ],
            "creation_timestamp": "2025-03-18T23:45:19.844-07:00",
            "deny": [],
            "description": "",
            "destination_ranges": [],
            "direction": "INGRESS",
            "disabled": false,
            "enable_logging": null,
            "id": "projects/mitsui-id-network-defaroyan/global/firewalls/allow-ssh-transit-id",
            "log_config": [],
            "name": "allow-ssh-transit-id",
            "network": "https://www.googleapis.com/compute/v1/projects/mitsui-id-network-defaroyan/global/networks/transit-id-vpc",
            "priority": 1000,
            "project": "mitsui-id-network-defaroyan",
            "self_link": "https://www.googleapis.com/compute/v1/projects/mitsui-id-network-defaroyan/global/firewalls/allow-ssh-transit-id",
            "source_ranges": [
              "35.235.240.0/20"
            ],
            "source_service_accounts": null,
            "source_tags": null,
            "target_service_accounts": null,
            "target_tags": null,
            "timeouts": null
          },
          "sensitive_attributes": [],
          "private": "eyJlMmJmYjczMC1lY2FhLTExZTYtOGY4OC0zNDM2M2JjN2M0YzAiOnsiY3JlYXRlIjoxMjAwMDAwMDAwMDAwLCJkZWxldGUiOjEyMDAwMDAwMDAwMDAsInVwZGF0ZSI6MTIwMDAwMDAwMDAwMH0sInNjaGVtYV92ZXJzaW9uIjoiMSJ9",
          "dependencies": [
            "google_compute_network.transit_id_vpc",
            "google_project_service.api_id_net"
          ]
        }
      ]
    },
    {
      "mode": "managed",
      "type": "google_compute_firewall",
      "name": "allow_ssh_jp_net",
      "provider": "provider[\"registry.terraform.io/hashicorp/google\"].mitsui-jp-net",
      "instances": [
        {
          "schema_version": 1,
          "attributes": {
            "allow": [
              {
                "ports": [
                  "22"
                ],
                "protocol": "tcp"
              }
            ],
            "creation_timestamp": "2025-03-18T23:45:07.879-07:00",
            "deny": [],
            "description": "",
            "destination_ranges": [],
            "direction": "INGRESS",
            "disabled": false,
            "enable_logging": null,
            "id": "projects/mitsui-jp-network-defaroyan/global/firewalls/allow-ssh-jp",
            "log_config": [],
            "name": "allow-ssh-jp",
            "network": "https://www.googleapis.com/compute/v1/projects/mitsui-jp-network-defaroyan/global/networks/external-jp-vpc",
            "priority": 1000,
            "project": "mitsui-jp-network-defaroyan",
            "self_link": "https://www.googleapis.com/compute/v1/projects/mitsui-jp-network-defaroyan/global/firewalls/allow-ssh-jp",
            "source_ranges": [
              "35.235.240.0/20"
            ],
            "source_service_accounts": null,
            "source_tags": null,
            "target_service_accounts": null,
            "target_tags": null,
            "timeouts": null
          },
          "sensitive_attributes": [],
          "private": "eyJlMmJmYjczMC1lY2FhLTExZTYtOGY4OC0zNDM2M2JjN2M0YzAiOnsiY3JlYXRlIjoxMjAwMDAwMDAwMDAwLCJkZWxldGUiOjEyMDAwMDAwMDAwMDAsInVwZGF0ZSI6MTIwMDAwMDAwMDAwMH0sInNjaGVtYV92ZXJzaW9uIjoiMSJ9",
          "dependencies": [
            "google_compute_network.external_jp_vpc",
            "google_project_service.api_jp_net"
          ]
        }
      ]
    },
    {
      "mode": "managed",
      "type": "google_compute_firewall",
      "name": "allow_transit",
      "provider": "provider[\"registry.terraform.io/hashicorp/google\"].mitsui-id-net",
      "instances": [
        {
          "schema_version": 1,
          "attributes": {
            "allow": [
              {
                "ports": [],
                "protocol": "all"
              }
            ],
            "creation_timestamp": "2025-03-18T23:45:20.790-07:00",
            "deny": [],
            "description": "",
            "destination_ranges": [],
            "direction": "INGRESS",
            "disabled": false,
            "enable_logging": null,
            "id": "projects/mitsui-id-network-defaroyan/global/firewalls/allow-transit",
            "log_config": [],
            "name": "allow-transit",
            "network": "https://www.googleapis.com/compute/v1/projects/mitsui-id-network-defaroyan/global/networks/transit-id-vpc",
            "priority": 1000,
            "project": "mitsui-id-network-defaroyan",
            "self_link": "https://www.googleapis.com/compute/v1/projects/mitsui-id-network-defaroyan/global/firewalls/allow-transit",
            "source_ranges": [
              "10.10.0.0/16"
            ],
            "source_service_accounts": null,
            "source_tags": null,
            "target_service_accounts": null,
            "target_tags": null,
            "timeouts": null
          },
          "sensitive_attributes": [],
          "private": "eyJlMmJmYjczMC1lY2FhLTExZTYtOGY4OC0zNDM2M2JjN2M0YzAiOnsiY3JlYXRlIjoxMjAwMDAwMDAwMDAwLCJkZWxldGUiOjEyMDAwMDAwMDAwMDAsInVwZGF0ZSI6MTIwMDAwMDAwMDAwMH0sInNjaGVtYV92ZXJzaW9uIjoiMSJ9",
          "dependencies": [
            "google_compute_network.transit_id_vpc",
            "google_project_service.api_id_net"
          ]
        }
      ]
    },
    {
      "mode": "managed",
      "type": "google_compute_firewall",
      "name": "id_allow_internal_vpn",
      "provider": "provider[\"registry.terraform.io/hashicorp/google\"].mitsui-id-net",
      "instances": [
        {
          "schema_version": 1,
          "attributes": {
            "allow": [
              {
                "ports": [],
                "protocol": "all"
              }
            ],
            "creation_timestamp": "2025-03-18T23:45:22.381-07:00",
            "deny": [],
            "description": "",
            "destination_ranges": [],
            "direction": "INGRESS",
            "disabled": false,
            "enable_logging": null,
            "id": "projects/mitsui-id-network-defaroyan/global/firewalls/id-allow-internal-vpn",
            "log_config": [],
            "name": "id-allow-internal-vpn",
            "network": "https://www.googleapis.com/compute/v1/projects/mitsui-id-network-defaroyan/global/networks/transit-id-vpc",
            "priority": 1000,
            "project": "mitsui-id-network-defaroyan",
            "self_link": "https://www.googleapis.com/compute/v1/projects/mitsui-id-network-defaroyan/global/firewalls/id-allow-internal-vpn",
            "source_ranges": [
              "10.10.21.0/24"
            ],
            "source_service_accounts": null,
            "source_tags": null,
            "target_service_accounts": null,
            "target_tags": null,
            "timeouts": null
          },
          "sensitive_attributes": [],
          "private": "eyJlMmJmYjczMC1lY2FhLTExZTYtOGY4OC0zNDM2M2JjN2M0YzAiOnsiY3JlYXRlIjoxMjAwMDAwMDAwMDAwLCJkZWxldGUiOjEyMDAwMDAwMDAwMDAsInVwZGF0ZSI6MTIwMDAwMDAwMDAwMH0sInNjaGVtYV92ZXJzaW9uIjoiMSJ9",
          "dependencies": [
            "google_compute_network.transit_id_vpc",
            "google_project_service.api_id_net"
          ]
        }
      ]
    },
    {
      "mode": "managed",
      "type": "google_compute_firewall",
      "name": "id_vpn_traffic",
      "provider": "provider[\"registry.terraform.io/hashicorp/google\"].mitsui-id-net",
      "instances": [
        {
          "schema_version": 1,
          "attributes": {
            "allow": [
              {
                "ports": [
                  "500",
                  "4500"
                ],
                "protocol": "udp"
              },
              {
                "ports": [],
                "protocol": "50"
              }
            ],
            "creation_timestamp": "2025-03-18T23:45:31.117-07:00",
            "deny": [],
            "description": "",
            "destination_ranges": [],
            "direction": "INGRESS",
            "disabled": false,
            "enable_logging": null,
            "id": "projects/mitsui-id-network-defaroyan/global/firewalls/id-vpn-traffic",
            "log_config": [],
            "name": "id-vpn-traffic",
            "network": "https://www.googleapis.com/compute/v1/projects/mitsui-id-network-defaroyan/global/networks/transit-id-vpc",
            "priority": 1000,
            "project": "mitsui-id-network-defaroyan",
            "self_link": "https://www.googleapis.com/compute/v1/projects/mitsui-id-network-defaroyan/global/firewalls/id-vpn-traffic",
            "source_ranges": [
              "0.0.0.0/0"
            ],
            "source_service_accounts": null,
            "source_tags": null,
            "target_service_accounts": null,
            "target_tags": null,
            "timeouts": null
          },
          "sensitive_attributes": [],
          "private": "eyJlMmJmYjczMC1lY2FhLTExZTYtOGY4OC0zNDM2M2JjN2M0YzAiOnsiY3JlYXRlIjoxMjAwMDAwMDAwMDAwLCJkZWxldGUiOjEyMDAwMDAwMDAwMDAsInVwZGF0ZSI6MTIwMDAwMDAwMDAwMH0sInNjaGVtYV92ZXJzaW9uIjoiMSJ9",
          "dependencies": [
            "google_compute_network.transit_id_vpc",
            "google_project_service.api_id_net"
          ]
        }
      ]
    },
    {
      "mode": "managed",
      "type": "google_compute_firewall",
      "name": "jp_allow_internal_vpn",
      "provider": "provider[\"registry.terraform.io/hashicorp/google\"].mitsui-jp-net",
      "instances": [
        {
          "schema_version": 1,
          "attributes": {
            "allow": [
              {
                "ports": [],
                "protocol": "all"
              }
            ],
            "creation_timestamp": "2025-03-18T23:45:07.886-07:00",
            "deny": [],
            "description": "",
            "destination_ranges": [],
            "direction": "INGRESS",
            "disabled": false,
            "enable_logging": null,
            "id": "projects/mitsui-jp-network-defaroyan/global/firewalls/jp-allow-internal-vpn",
            "log_config": [],
            "name": "jp-allow-internal-vpn",
            "network": "https://www.googleapis.com/compute/v1/projects/mitsui-jp-network-defaroyan/global/networks/external-jp-vpc",
            "priority": 1000,
            "project": "mitsui-jp-network-defaroyan",
            "self_link": "https://www.googleapis.com/compute/v1/projects/mitsui-jp-network-defaroyan/global/firewalls/jp-allow-internal-vpn",
            "source_ranges": [
              "10.10.2.0/24"
            ],
            "source_service_accounts": null,
            "source_tags": null,
            "target_service_accounts": null,
            "target_tags": null,
            "timeouts": null
          },
          "sensitive_attributes": [],
          "private": "eyJlMmJmYjczMC1lY2FhLTExZTYtOGY4OC0zNDM2M2JjN2M0YzAiOnsiY3JlYXRlIjoxMjAwMDAwMDAwMDAwLCJkZWxldGUiOjEyMDAwMDAwMDAwMDAsInVwZGF0ZSI6MTIwMDAwMDAwMDAwMH0sInNjaGVtYV92ZXJzaW9uIjoiMSJ9",
          "dependencies": [
            "google_compute_network.external_jp_vpc",
            "google_project_service.api_jp_net"
          ]
        }
      ]
    },
    {
      "mode": "managed",
      "type": "google_compute_firewall",
      "name": "jp_vpn_traffic",
      "provider": "provider[\"registry.terraform.io/hashicorp/google\"].mitsui-jp-net",
      "instances": [
        {
          "schema_version": 1,
          "attributes": {
            "allow": [
              {
                "ports": [
                  "500",
                  "4500"
                ],
                "protocol": "udp"
              },
              {
                "ports": [],
                "protocol": "50"
              }
            ],
            "creation_timestamp": "2025-03-18T23:45:07.910-07:00",
            "deny": [],
            "description": "",
            "destination_ranges": [],
            "direction": "INGRESS",
            "disabled": false,
            "enable_logging": null,
            "id": "projects/mitsui-jp-network-defaroyan/global/firewalls/jp-vpn-traffic",
            "log_config": [],
            "name": "jp-vpn-traffic",
            "network": "https://www.googleapis.com/compute/v1/projects/mitsui-jp-network-defaroyan/global/networks/external-jp-vpc",
            "priority": 1000,
            "project": "mitsui-jp-network-defaroyan",
            "self_link": "https://www.googleapis.com/compute/v1/projects/mitsui-jp-network-defaroyan/global/firewalls/jp-vpn-traffic",
            "source_ranges": [
              "0.0.0.0/0"
            ],
            "source_service_accounts": null,
            "source_tags": null,
            "target_service_accounts": null,
            "target_tags": null,
            "timeouts": null
          },
          "sensitive_attributes": [],
          "private": "eyJlMmJmYjczMC1lY2FhLTExZTYtOGY4OC0zNDM2M2JjN2M0YzAiOnsiY3JlYXRlIjoxMjAwMDAwMDAwMDAwLCJkZWxldGUiOjEyMDAwMDAwMDAwMDAsInVwZGF0ZSI6MTIwMDAwMDAwMDAwMH0sInNjaGVtYV92ZXJzaW9uIjoiMSJ9",
          "dependencies": [
            "google_compute_network.external_jp_vpc",
            "google_project_service.api_jp_net"
          ]
        }
      ]
    },
    {
      "mode": "managed",
      "type": "google_compute_forwarding_rule",
      "name": "id_esp_rule",
      "provider": "provider[\"registry.terraform.io/hashicorp/google\"].mitsui-id-net",
      "instances": [
        {
          "schema_version": 0,
          "attributes": {
            "all_ports": false,
            "allow_global_access": false,
            "allow_psc_global_access": false,
            "backend_service": "",
            "base_forwarding_rule": "",
            "creation_timestamp": "2025-03-18T23:46:05.798-07:00",
            "description": "",
            "effective_labels": {},
            "forwarding_rule_id": 5419458486745945794,
            "id": "projects/mitsui-id-network-defaroyan/regions/asia-southeast2/forwardingRules/fr-id-vpn-gateway-esp",
            "ip_address": "34.128.102.229",
            "ip_collection": "",
            "ip_protocol": "ESP",
            "ip_version": "",
            "is_mirroring_collector": false,
            "label_fingerprint": "42WmSpB8rSM=",
            "labels": null,
            "load_balancing_scheme": "EXTERNAL",
            "name": "fr-id-vpn-gateway-esp",
            "network": "",
            "network_tier": "PREMIUM",
            "no_automate_dns_zone": null,
            "port_range": "",
            "ports": null,
            "project": "mitsui-id-network-defaroyan",
            "psc_connection_id": "",
            "psc_connection_status": "",
            "recreate_closed_psc": false,
            "region": "asia-southeast2",
            "self_link": "https://www.googleapis.com/compute/v1/projects/mitsui-id-network-defaroyan/regions/asia-southeast2/forwardingRules/fr-id-vpn-gateway-esp",
            "service_directory_registrations": [],
            "service_label": "",
            "service_name": "",
            "source_ip_ranges": null,
            "subnetwork": "",
            "target": "https://www.googleapis.com/compute/v1/projects/mitsui-id-network-defaroyan/regions/asia-southeast2/targetVpnGateways/id-vpn-gateway",
            "terraform_labels": {},
            "timeouts": null
          },
          "sensitive_attributes": [],
          "private": "eyJlMmJmYjczMC1lY2FhLTExZTYtOGY4OC0zNDM2M2JjN2M0YzAiOnsiY3JlYXRlIjoxMjAwMDAwMDAwMDAwLCJkZWxldGUiOjEyMDAwMDAwMDAwMDAsInVwZGF0ZSI6MTIwMDAwMDAwMDAwMH19",
          "dependencies": [
            "google_compute_address.id_vpn_static_ip",
            "google_compute_network.transit_id_vpc",
            "google_compute_vpn_gateway.id_vpn_gateway",
            "google_project_service.api_id_net"
          ]
        }
      ]
    },
    {
      "mode": "managed",
      "type": "google_compute_forwarding_rule",
      "name": "id_udp_4500_rule",
      "provider": "provider[\"registry.terraform.io/hashicorp/google\"].mitsui-id-net",
      "instances": [
        {
          "schema_version": 0,
          "attributes": {
            "all_ports": false,
            "allow_global_access": false,
            "allow_psc_global_access": false,
            "backend_service": "",
            "base_forwarding_rule": "",
            "creation_timestamp": "2025-03-18T23:46:06.972-07:00",
            "description": "",
            "effective_labels": {},
            "forwarding_rule_id": 3474628730259232449,
            "id": "projects/mitsui-id-network-defaroyan/regions/asia-southeast2/forwardingRules/fr-id-vpn-gateway-udp4500",
            "ip_address": "34.128.102.229",
            "ip_collection": "",
            "ip_protocol": "UDP",
            "ip_version": "",
            "is_mirroring_collector": false,
            "label_fingerprint": "42WmSpB8rSM=",
            "labels": null,
            "load_balancing_scheme": "EXTERNAL",
            "name": "fr-id-vpn-gateway-udp4500",
            "network": "",
            "network_tier": "PREMIUM",
            "no_automate_dns_zone": null,
            "port_range": "4500-4500",
            "ports": null,
            "project": "mitsui-id-network-defaroyan",
            "psc_connection_id": "",
            "psc_connection_status": "",
            "recreate_closed_psc": false,
            "region": "asia-southeast2",
            "self_link": "https://www.googleapis.com/compute/v1/projects/mitsui-id-network-defaroyan/regions/asia-southeast2/forwardingRules/fr-id-vpn-gateway-udp4500",
            "service_directory_registrations": [],
            "service_label": "",
            "service_name": "",
            "source_ip_ranges": null,
            "subnetwork": "",
            "target": "https://www.googleapis.com/compute/v1/projects/mitsui-id-network-defaroyan/regions/asia-southeast2/targetVpnGateways/id-vpn-gateway",
            "terraform_labels": {},
            "timeouts": null
          },
          "sensitive_attributes": [],
          "private": "eyJlMmJmYjczMC1lY2FhLTExZTYtOGY4OC0zNDM2M2JjN2M0YzAiOnsiY3JlYXRlIjoxMjAwMDAwMDAwMDAwLCJkZWxldGUiOjEyMDAwMDAwMDAwMDAsInVwZGF0ZSI6MTIwMDAwMDAwMDAwMH19",
          "dependencies": [
            "google_compute_address.id_vpn_static_ip",
            "google_compute_network.transit_id_vpc",
            "google_compute_vpn_gateway.id_vpn_gateway",
            "google_project_service.api_id_net"
          ]
        }
      ]
    },
    {
      "mode": "managed",
      "type": "google_compute_forwarding_rule",
      "name": "id_udp_500_rule",
      "provider": "provider[\"registry.terraform.io/hashicorp/google\"].mitsui-id-net",
      "instances": [
        {
          "schema_version": 0,
          "attributes": {
            "all_ports": false,
            "allow_global_access": false,
            "allow_psc_global_access": false,
            "backend_service": "",
            "base_forwarding_rule": "",
            "creation_timestamp": "2025-03-18T23:46:06.235-07:00",
            "description": "",
            "effective_labels": {},
            "forwarding_rule_id": 2540151865077126849,
            "id": "projects/mitsui-id-network-defaroyan/regions/asia-southeast2/forwardingRules/fr-id-vpn-gateway-udp500",
            "ip_address": "34.128.102.229",
            "ip_collection": "",
            "ip_protocol": "UDP",
            "ip_version": "",
            "is_mirroring_collector": false,
            "label_fingerprint": "42WmSpB8rSM=",
            "labels": null,
            "load_balancing_scheme": "EXTERNAL",
            "name": "fr-id-vpn-gateway-udp500",
            "network": "",
            "network_tier": "PREMIUM",
            "no_automate_dns_zone": null,
            "port_range": "500-500",
            "ports": null,
            "project": "mitsui-id-network-defaroyan",
            "psc_connection_id": "",
            "psc_connection_status": "",
            "recreate_closed_psc": false,
            "region": "asia-southeast2",
            "self_link": "https://www.googleapis.com/compute/v1/projects/mitsui-id-network-defaroyan/regions/asia-southeast2/forwardingRules/fr-id-vpn-gateway-udp500",
            "service_directory_registrations": [],
            "service_label": "",
            "service_name": "",
            "source_ip_ranges": null,
            "subnetwork": "",
            "target": "https://www.googleapis.com/compute/v1/projects/mitsui-id-network-defaroyan/regions/asia-southeast2/targetVpnGateways/id-vpn-gateway",
            "terraform_labels": {},
            "timeouts": null
          },
          "sensitive_attributes": [],
          "private": "eyJlMmJmYjczMC1lY2FhLTExZTYtOGY4OC0zNDM2M2JjN2M0YzAiOnsiY3JlYXRlIjoxMjAwMDAwMDAwMDAwLCJkZWxldGUiOjEyMDAwMDAwMDAwMDAsInVwZGF0ZSI6MTIwMDAwMDAwMDAwMH19",
          "dependencies": [
            "google_compute_address.id_vpn_static_ip",
            "google_compute_network.transit_id_vpc",
            "google_compute_vpn_gateway.id_vpn_gateway",
            "google_project_service.api_id_net"
          ]
        }
      ]
    },
    {
      "mode": "managed",
      "type": "google_compute_forwarding_rule",
      "name": "jp_esp_rule",
      "provider": "provider[\"registry.terraform.io/hashicorp/google\"].mitsui-jp-net",
      "instances": [
        {
          "schema_version": 0,
          "attributes": {
            "all_ports": false,
            "allow_global_access": false,
            "allow_psc_global_access": false,
            "backend_service": "",
            "base_forwarding_rule": "",
            "creation_timestamp": "2025-03-18T23:45:53.985-07:00",
            "description": "",
            "effective_labels": {},
            "forwarding_rule_id": 4075829786972772046,
            "id": "projects/mitsui-jp-network-defaroyan/regions/asia-northeast2/forwardingRules/fr-jp-vpn-gateway-esp",
            "ip_address": "34.97.255.238",
            "ip_collection": "",
            "ip_protocol": "ESP",
            "ip_version": "",
            "is_mirroring_collector": false,
            "label_fingerprint": "42WmSpB8rSM=",
            "labels": null,
            "load_balancing_scheme": "EXTERNAL",
            "name": "fr-jp-vpn-gateway-esp",
            "network": "",
            "network_tier": "PREMIUM",
            "no_automate_dns_zone": null,
            "port_range": "",
            "ports": null,
            "project": "mitsui-jp-network-defaroyan",
            "psc_connection_id": "",
            "psc_connection_status": "",
            "recreate_closed_psc": false,
            "region": "asia-northeast2",
            "self_link": "https://www.googleapis.com/compute/v1/projects/mitsui-jp-network-defaroyan/regions/asia-northeast2/forwardingRules/fr-jp-vpn-gateway-esp",
            "service_directory_registrations": [],
            "service_label": "",
            "service_name": "",
            "source_ip_ranges": null,
            "subnetwork": "",
            "target": "https://www.googleapis.com/compute/v1/projects/mitsui-jp-network-defaroyan/regions/asia-northeast2/targetVpnGateways/jp-vpn-gateway",
            "terraform_labels": {},
            "timeouts": null
          },
          "sensitive_attributes": [],
          "private": "eyJlMmJmYjczMC1lY2FhLTExZTYtOGY4OC0zNDM2M2JjN2M0YzAiOnsiY3JlYXRlIjoxMjAwMDAwMDAwMDAwLCJkZWxldGUiOjEyMDAwMDAwMDAwMDAsInVwZGF0ZSI6MTIwMDAwMDAwMDAwMH19",
          "dependencies": [
            "google_compute_address.jp_vpn_static_ip",
            "google_compute_network.external_jp_vpc",
            "google_compute_vpn_gateway.jp_vpn_gateway",
            "google_project_service.api_jp_net"
          ]
        }
      ]
    },
    {
      "mode": "managed",
      "type": "google_compute_forwarding_rule",
      "name": "jp_udp_4500_rule",
      "provider": "provider[\"registry.terraform.io/hashicorp/google\"].mitsui-jp-net",
      "instances": [
        {
          "schema_version": 0,
          "attributes": {
            "all_ports": false,
            "allow_global_access": false,
            "allow_psc_global_access": false,
            "backend_service": "",
            "base_forwarding_rule": "",
            "creation_timestamp": "2025-03-18T23:45:50.461-07:00",
            "description": "",
            "effective_labels": {},
            "forwarding_rule_id": 7000292681179453169,
            "id": "projects/mitsui-jp-network-defaroyan/regions/asia-northeast2/forwardingRules/fr-jp-vpn-gateway-udp4500",
            "ip_address": "34.97.255.238",
            "ip_collection": "",
            "ip_protocol": "UDP",
            "ip_version": "",
            "is_mirroring_collector": false,
            "label_fingerprint": "42WmSpB8rSM=",
            "labels": null,
            "load_balancing_scheme": "EXTERNAL",
            "name": "fr-jp-vpn-gateway-udp4500",
            "network": "",
            "network_tier": "PREMIUM",
            "no_automate_dns_zone": null,
            "port_range": "4500-4500",
            "ports": null,
            "project": "mitsui-jp-network-defaroyan",
            "psc_connection_id": "",
            "psc_connection_status": "",
            "recreate_closed_psc": false,
            "region": "asia-northeast2",
            "self_link": "https://www.googleapis.com/compute/v1/projects/mitsui-jp-network-defaroyan/regions/asia-northeast2/forwardingRules/fr-jp-vpn-gateway-udp4500",
            "service_directory_registrations": [],
            "service_label": "",
            "service_name": "",
            "source_ip_ranges": null,
            "subnetwork": "",
            "target": "https://www.googleapis.com/compute/v1/projects/mitsui-jp-network-defaroyan/regions/asia-northeast2/targetVpnGateways/jp-vpn-gateway",
            "terraform_labels": {},
            "timeouts": null
          },
          "sensitive_attributes": [],
          "private": "eyJlMmJmYjczMC1lY2FhLTExZTYtOGY4OC0zNDM2M2JjN2M0YzAiOnsiY3JlYXRlIjoxMjAwMDAwMDAwMDAwLCJkZWxldGUiOjEyMDAwMDAwMDAwMDAsInVwZGF0ZSI6MTIwMDAwMDAwMDAwMH19",
          "dependencies": [
            "google_compute_address.jp_vpn_static_ip",
            "google_compute_network.external_jp_vpc",
            "google_compute_vpn_gateway.jp_vpn_gateway",
            "google_project_service.api_jp_net"
          ]
        }
      ]
    },
    {
      "mode": "managed",
      "type": "google_compute_forwarding_rule",
      "name": "jp_udp_500_rule",
      "provider": "provider[\"registry.terraform.io/hashicorp/google\"].mitsui-jp-net",
      "instances": [
        {
          "schema_version": 0,
          "attributes": {
            "all_ports": false,
            "allow_global_access": false,
            "allow_psc_global_access": false,
            "backend_service": "",
            "base_forwarding_rule": "",
            "creation_timestamp": "2025-03-18T23:45:46.535-07:00",
            "description": "",
            "effective_labels": {},
            "forwarding_rule_id": 2532901513604880117,
            "id": "projects/mitsui-jp-network-defaroyan/regions/asia-northeast2/forwardingRules/fr-jp-vpn-gateway-udp500",
            "ip_address": "34.97.255.238",
            "ip_collection": "",
            "ip_protocol": "UDP",
            "ip_version": "",
            "is_mirroring_collector": false,
            "label_fingerprint": "42WmSpB8rSM=",
            "labels": null,
            "load_balancing_scheme": "EXTERNAL",
            "name": "fr-jp-vpn-gateway-udp500",
            "network": "",
            "network_tier": "PREMIUM",
            "no_automate_dns_zone": null,
            "port_range": "500-500",
            "ports": null,
            "project": "mitsui-jp-network-defaroyan",
            "psc_connection_id": "",
            "psc_connection_status": "",
            "recreate_closed_psc": false,
            "region": "asia-northeast2",
            "self_link": "https://www.googleapis.com/compute/v1/projects/mitsui-jp-network-defaroyan/regions/asia-northeast2/forwardingRules/fr-jp-vpn-gateway-udp500",
            "service_directory_registrations": [],
            "service_label": "",
            "service_name": "",
            "source_ip_ranges": null,
            "subnetwork": "",
            "target": "https://www.googleapis.com/compute/v1/projects/mitsui-jp-network-defaroyan/regions/asia-northeast2/targetVpnGateways/jp-vpn-gateway",
            "terraform_labels": {},
            "timeouts": null
          },
          "sensitive_attributes": [],
          "private": "eyJlMmJmYjczMC1lY2FhLTExZTYtOGY4OC0zNDM2M2JjN2M0YzAiOnsiY3JlYXRlIjoxMjAwMDAwMDAwMDAwLCJkZWxldGUiOjEyMDAwMDAwMDAwMDAsInVwZGF0ZSI6MTIwMDAwMDAwMDAwMH19",
          "dependencies": [
            "google_compute_address.jp_vpn_static_ip",
            "google_compute_network.external_jp_vpc",
            "google_compute_vpn_gateway.jp_vpn_gateway",
            "google_project_service.api_jp_net"
          ]
        }
      ]
    },
    {
      "mode": "managed",
      "type": "google_compute_global_address",
      "name": "lb_ip",
      "provider": "provider[\"registry.terraform.io/hashicorp/google\"].mitsui-id-net",
      "instances": [
        {
          "schema_version": 0,
          "attributes": {
            "address": "34.120.157.78",
            "address_type": "EXTERNAL",
            "creation_timestamp": "2025-03-18T23:44:40.906-07:00",
            "description": "",
            "effective_labels": {
              "goog-terraform-provisioned": "true"
            },
            "id": "projects/mitsui-id-network-defaroyan/global/addresses/lb-external-ip",
            "ip_version": "",
            "label_fingerprint": "vezUS-42LLM=",
            "labels": null,
            "name": "lb-external-ip",
            "network": "",
            "prefix_length": 0,
            "project": "mitsui-id-network-defaroyan",
            "purpose": "",
            "self_link": "https://www.googleapis.com/compute/v1/projects/mitsui-id-network-defaroyan/global/addresses/lb-external-ip",
            "terraform_labels": {
              "goog-terraform-provisioned": "true"
            },
            "timeouts": null
          },
          "sensitive_attributes": [],
          "private": "eyJlMmJmYjczMC1lY2FhLTExZTYtOGY4OC0zNDM2M2JjN2M0YzAiOnsiY3JlYXRlIjoxMjAwMDAwMDAwMDAwLCJkZWxldGUiOjEyMDAwMDAwMDAwMDAsInVwZGF0ZSI6MTIwMDAwMDAwMDAwMH19"
        }
      ]
    },
    {
      "mode": "managed",
      "type": "google_compute_global_forwarding_rule",
      "name": "lb_forwarding_rule",
      "provider": "provider[\"registry.terraform.io/hashicorp/google\"].mitsui-id-net",
      "instances": [
        {
          "schema_version": 0,
          "attributes": {
            "base_forwarding_rule": "",
            "description": "",
            "effective_labels": {},
            "forwarding_rule_id": 2142459063361328765,
            "id": "projects/mitsui-id-network-defaroyan/global/forwardingRules/lb-forwarding-rule",
            "ip_address": "34.120.157.78",
            "ip_protocol": "TCP",
            "ip_version": "",
            "label_fingerprint": "42WmSpB8rSM=",
            "labels": null,
            "load_balancing_scheme": "EXTERNAL",
            "metadata_filters": [],
            "name": "lb-forwarding-rule",
            "network": "",
            "network_tier": "PREMIUM",
            "no_automate_dns_zone": null,
            "port_range": "80-80",
            "project": "mitsui-id-network-defaroyan",
            "psc_connection_id": "",
            "psc_connection_status": "",
            "self_link": "https://www.googleapis.com/compute/v1/projects/mitsui-id-network-defaroyan/global/forwardingRules/lb-forwarding-rule",
            "service_directory_registrations": [],
            "source_ip_ranges": null,
            "subnetwork": "",
            "target": "https://www.googleapis.com/compute/v1/projects/mitsui-id-network-defaroyan/global/targetHttpProxies/lb-target-proxy",
            "terraform_labels": {},
            "timeouts": null
          },
          "sensitive_attributes": [],
          "private": "eyJlMmJmYjczMC1lY2FhLTExZTYtOGY4OC0zNDM2M2JjN2M0YzAiOnsiY3JlYXRlIjoxMjAwMDAwMDAwMDAwLCJkZWxldGUiOjEyMDAwMDAwMDAwMDAsInVwZGF0ZSI6MTIwMDAwMDAwMDAwMH19",
          "dependencies": [
            "google_compute_backend_service.lb_backend",
            "google_compute_global_address.lb_ip",
            "google_compute_health_check.ngfw_health_check",
            "google_compute_instance.ngfw_router",
            "google_compute_instance_group.ngfw_instance_group",
            "google_compute_network.internet_id_vpc",
            "google_compute_network.transit_id_vpc",
            "google_compute_subnetwork.subnet_internet_id_vpc",
            "google_compute_subnetwork.subnet_transit_id_vpc",
            "google_compute_target_http_proxy.lb_proxy",
            "google_compute_url_map.lb_url_map",
            "google_project_service.api_id_net"
          ]
        }
      ]
    },
    {
      "mode": "managed",
      "type": "google_compute_health_check",
      "name": "ngfw_health_check",
      "provider": "provider[\"registry.terraform.io/hashicorp/google\"].mitsui-id-net",
      "instances": [
        {
          "schema_version": 0,
          "attributes": {
            "check_interval_sec": 5,
            "creation_timestamp": "2025-03-18T23:44:40.832-07:00",
            "description": "",
            "grpc_health_check": [],
            "healthy_threshold": 2,
            "http2_health_check": [],
            "http_health_check": [
              {
                "host": "",
                "port": 80,
                "port_name": "",
                "port_specification": "",
                "proxy_header": "NONE",
                "request_path": "/",
                "response": ""
              }
            ],
            "https_health_check": [],
            "id": "projects/mitsui-id-network-defaroyan/global/healthChecks/ngfw-health-check",
            "log_config": [
              {
                "enable": false
              }
            ],
            "name": "ngfw-health-check",
            "project": "mitsui-id-network-defaroyan",
            "self_link": "https://www.googleapis.com/compute/v1/projects/mitsui-id-network-defaroyan/global/healthChecks/ngfw-health-check",
            "source_regions": null,
            "ssl_health_check": [],
            "tcp_health_check": [],
            "timeout_sec": 5,
            "timeouts": null,
            "type": "HTTP",
            "unhealthy_threshold": 2
          },
          "sensitive_attributes": [],
          "private": "eyJlMmJmYjczMC1lY2FhLTExZTYtOGY4OC0zNDM2M2JjN2M0YzAiOnsiY3JlYXRlIjoxMjAwMDAwMDAwMDAwLCJkZWxldGUiOjEyMDAwMDAwMDAwMDAsInVwZGF0ZSI6MTIwMDAwMDAwMDAwMH19"
        }
      ]
    },
    {
      "mode": "managed",
      "type": "google_compute_instance",
      "name": "elasticsearch_vm",
      "provider": "provider[\"registry.terraform.io/hashicorp/google\"].mitsui-id-core",
      "instances": [
        {
          "schema_version": 6,
          "attributes": {
            "advanced_machine_features": [],
            "allow_stopping_for_update": null,
            "attached_disk": [],
            "boot_disk": [
              {
                "auto_delete": true,
                "device_name": "persistent-disk-0",
                "disk_encryption_key_raw": "",
                "disk_encryption_key_sha256": "",
                "initialize_params": [
                  {
                    "enable_confidential_compute": false,
                    "image": "https://www.googleapis.com/compute/v1/projects/debian-cloud/global/images/debian-11-bullseye-v20250311",
                    "labels": {},
                    "provisioned_iops": 0,
                    "provisioned_throughput": 0,
                    "resource_manager_tags": null,
                    "resource_policies": [],
                    "size": 10,
                    "storage_pool": "",
                    "type": "pd-standard"
                  }
                ],
                "interface": "",
                "kms_key_self_link": "",
                "mode": "READ_WRITE",
                "source": "https://www.googleapis.com/compute/v1/projects/mitsui-id-core-defaroyan/zones/asia-southeast2-a/disks/elasticsearch-vm"
              }
            ],
            "can_ip_forward": false,
            "confidential_instance_config": [],
            "cpu_platform": "AMD Rome",
            "creation_timestamp": "2025-03-18T23:46:01.207-07:00",
            "current_status": "RUNNING",
            "deletion_protection": false,
            "description": "",
            "desired_status": null,
            "effective_labels": {
              "goog-terraform-provisioned": "true"
            },
            "enable_display": false,
            "guest_accelerator": [],
            "hostname": "",
            "id": "projects/mitsui-id-core-defaroyan/zones/asia-southeast2-a/instances/elasticsearch-vm",
            "instance_id": "4558144873327744711",
            "key_revocation_action_type": "",
            "label_fingerprint": "vezUS-42LLM=",
            "labels": null,
            "machine_type": "e2-micro",
            "metadata": null,
            "metadata_fingerprint": "IiVQehPRqas=",
            "metadata_startup_script": null,
            "min_cpu_platform": "",
            "name": "elasticsearch-vm",
            "network_interface": [
              {
                "access_config": [],
                "alias_ip_range": [],
                "internal_ipv6_prefix_length": 0,
                "ipv6_access_config": [],
                "ipv6_access_type": "",
                "ipv6_address": "",
                "name": "nic0",
                "network": "https://www.googleapis.com/compute/v1/projects/mitsui-id-core-defaroyan/global/networks/prod-vpc",
                "network_attachment": "",
                "network_ip": "10.10.11.2",
                "nic_type": "",
                "queue_count": 0,
                "stack_type": "IPV4_ONLY",
                "subnetwork": "https://www.googleapis.com/compute/v1/projects/mitsui-id-core-defaroyan/regions/asia-southeast2/subnetworks/subnet-prod-vpc",
                "subnetwork_project": "mitsui-id-core-defaroyan"
              }
            ],
            "network_performance_config": [],
            "params": [],
            "project": "mitsui-id-core-defaroyan",
            "reservation_affinity": [],
            "resource_policies": null,
            "scheduling": [
              {
                "automatic_restart": true,
                "availability_domain": 0,
                "instance_termination_action": "",
                "local_ssd_recovery_timeout": [],
                "max_run_duration": [],
                "min_node_cpus": 0,
                "node_affinities": [],
                "on_host_maintenance": "MIGRATE",
                "on_instance_stop_action": [],
                "preemptible": false,
                "provisioning_model": "STANDARD",
                "termination_time": ""
              }
            ],
            "scratch_disk": [],
            "self_link": "https://www.googleapis.com/compute/v1/projects/mitsui-id-core-defaroyan/zones/asia-southeast2-a/instances/elasticsearch-vm",
            "service_account": [],
            "shielded_instance_config": [
              {
                "enable_integrity_monitoring": true,
                "enable_secure_boot": false,
                "enable_vtpm": true
              }
            ],
            "tags": null,
            "tags_fingerprint": "42WmSpB8rSM=",
            "terraform_labels": {
              "goog-terraform-provisioned": "true"
            },
            "timeouts": null,
            "zone": "asia-southeast2-a"
          },
          "sensitive_attributes": [
            [
              {
                "type": "get_attr",
                "value": "boot_disk"
              },
              {
                "type": "index",
                "value": {
                  "value": 0,
                  "type": "number"
                }
              },
              {
                "type": "get_attr",
                "value": "disk_encryption_key_raw"
              }
            ]
          ],
          "private": "eyJlMmJmYjczMC1lY2FhLTExZTYtOGY4OC0zNDM2M2JjN2M0YzAiOnsiY3JlYXRlIjoxMjAwMDAwMDAwMDAwLCJkZWxldGUiOjEyMDAwMDAwMDAwMDAsInVwZGF0ZSI6MTIwMDAwMDAwMDAwMH0sInNjaGVtYV92ZXJzaW9uIjoiNiJ9",
          "dependencies": [
            "google_compute_network.prod_vpc",
            "google_compute_subnetwork.subnet_prod_vpc",
            "google_project_service.api_id_core"
          ]
        }
      ]
    },
    {
      "mode": "managed",
      "type": "google_compute_instance",
      "name": "ngfw_router",
      "provider": "provider[\"registry.terraform.io/hashicorp/google\"].mitsui-id-net",
      "instances": [
        {
          "schema_version": 6,
          "attributes": {
            "advanced_machine_features": [],
            "allow_stopping_for_update": true,
            "attached_disk": [],
            "boot_disk": [
              {
                "auto_delete": true,
                "device_name": "persistent-disk-0",
                "disk_encryption_key_raw": "",
                "disk_encryption_key_sha256": "",
                "initialize_params": [
                  {
                    "enable_confidential_compute": false,
                    "image": "https://www.googleapis.com/compute/v1/projects/debian-cloud/global/images/debian-11-bullseye-v20250311",
                    "labels": {},
                    "provisioned_iops": 0,
                    "provisioned_throughput": 0,
                    "resource_manager_tags": null,
                    "resource_policies": [],
                    "size": 10,
                    "storage_pool": "",
                    "type": "pd-standard"
                  }
                ],
                "interface": "",
                "kms_key_self_link": "",
                "mode": "READ_WRITE",
                "source": "https://www.googleapis.com/compute/v1/projects/mitsui-id-network-defaroyan/zones/asia-southeast2-a/disks/ngfw-router"
              }
            ],
            "can_ip_forward": true,
            "confidential_instance_config": [],
            "cpu_platform": "AMD Rome",
            "creation_timestamp": "2025-03-18T23:46:19.004-07:00",
            "current_status": "RUNNING",
            "deletion_protection": false,
            "description": "",
            "desired_status": null,
            "effective_labels": {
              "goog-terraform-provisioned": "true"
            },
            "enable_display": false,
            "guest_accelerator": [],
            "hostname": "",
            "id": "projects/mitsui-id-network-defaroyan/zones/asia-southeast2-a/instances/ngfw-router",
            "instance_id": "91297109310428885",
            "key_revocation_action_type": "",
            "label_fingerprint": "vezUS-42LLM=",
            "labels": null,
            "machine_type": "e2-micro",
            "metadata": null,
            "metadata_fingerprint": "gU6kXEdpdLg=",
            "metadata_startup_script": "#!/bin/bash\n# Enable IP forwarding\ntouch /home/test.sh\necho \"net.ipv4.ip_forward=1\" | sudo tee -a /etc/sysctl.conf\nsudo sysctl -p\n\n# # Install iptables\n# sudo apt-get update\n# sudo apt-get install -y iptables-persistent\n\n# Configure iptables for forwarding\nsudo iptables -F\nsudo iptables -t nat -A POSTROUTING -o $(/sbin/ifconfig | head -1 | awk -F: '{print $1}') -j MASQUERADE\n\n# # Save iptables rules\n# sudo netfilter-persistent save",
            "min_cpu_platform": "",
            "name": "ngfw-router",
            "network_interface": [
              {
                "access_config": [],
                "alias_ip_range": [],
                "internal_ipv6_prefix_length": 0,
                "ipv6_access_config": [],
                "ipv6_access_type": "",
                "ipv6_address": "",
                "name": "nic0",
                "network": "https://www.googleapis.com/compute/v1/projects/mitsui-id-network-defaroyan/global/networks/internet-id-vpc",
                "network_attachment": "",
                "network_ip": "10.10.1.2",
                "nic_type": "",
                "queue_count": 0,
                "stack_type": "IPV4_ONLY",
                "subnetwork": "https://www.googleapis.com/compute/v1/projects/mitsui-id-network-defaroyan/regions/asia-southeast2/subnetworks/subnet-internet-id-vpc",
                "subnetwork_project": "mitsui-id-network-defaroyan"
              },
              {
                "access_config": [],
                "alias_ip_range": [],
                "internal_ipv6_prefix_length": 0,
                "ipv6_access_config": [],
                "ipv6_access_type": "",
                "ipv6_address": "",
                "name": "nic1",
                "network": "https://www.googleapis.com/compute/v1/projects/mitsui-id-network-defaroyan/global/networks/transit-id-vpc",
                "network_attachment": "",
                "network_ip": "10.10.2.2",
                "nic_type": "",
                "queue_count": 0,
                "stack_type": "IPV4_ONLY",
                "subnetwork": "https://www.googleapis.com/compute/v1/projects/mitsui-id-network-defaroyan/regions/asia-southeast2/subnetworks/subnet-transit-id-vpc",
                "subnetwork_project": "mitsui-id-network-defaroyan"
              }
            ],
            "network_performance_config": [],
            "params": [],
            "project": "mitsui-id-network-defaroyan",
            "reservation_affinity": [],
            "resource_policies": null,
            "scheduling": [
              {
                "automatic_restart": true,
                "availability_domain": 0,
                "instance_termination_action": "",
                "local_ssd_recovery_timeout": [],
                "max_run_duration": [],
                "min_node_cpus": 0,
                "node_affinities": [],
                "on_host_maintenance": "MIGRATE",
                "on_instance_stop_action": [],
                "preemptible": false,
                "provisioning_model": "STANDARD",
                "termination_time": ""
              }
            ],
            "scratch_disk": [],
            "self_link": "https://www.googleapis.com/compute/v1/projects/mitsui-id-network-defaroyan/zones/asia-southeast2-a/instances/ngfw-router",
            "service_account": [],
            "shielded_instance_config": [
              {
                "enable_integrity_monitoring": true,
                "enable_secure_boot": false,
                "enable_vtpm": true
              }
            ],
            "tags": [
              "nat-gateway"
            ],
            "tags_fingerprint": "c4cnTQfklE0=",
            "terraform_labels": {
              "goog-terraform-provisioned": "true"
            },
            "timeouts": null,
            "zone": "asia-southeast2-a"
          },
          "sensitive_attributes": [
            [
              {
                "type": "get_attr",
                "value": "boot_disk"
              },
              {
                "type": "index",
                "value": {
                  "value": 0,
                  "type": "number"
                }
              },
              {
                "type": "get_attr",
                "value": "disk_encryption_key_raw"
              }
            ]
          ],
          "private": "eyJlMmJmYjczMC1lY2FhLTExZTYtOGY4OC0zNDM2M2JjN2M0YzAiOnsiY3JlYXRlIjoxMjAwMDAwMDAwMDAwLCJkZWxldGUiOjEyMDAwMDAwMDAwMDAsInVwZGF0ZSI6MTIwMDAwMDAwMDAwMH0sInNjaGVtYV92ZXJzaW9uIjoiNiJ9",
          "dependencies": [
            "google_compute_network.internet_id_vpc",
            "google_compute_network.transit_id_vpc",
            "google_compute_subnetwork.subnet_internet_id_vpc",
            "google_compute_subnetwork.subnet_transit_id_vpc",
            "google_project_service.api_id_net"
          ]
        }
      ]
    },
    {
      "mode": "managed",
      "type": "google_compute_instance",
      "name": "postgresql_vm",
      "provider": "provider[\"registry.terraform.io/hashicorp/google\"].mitsui-jp-net",
      "instances": [
        {
          "schema_version": 6,
          "attributes": {
            "advanced_machine_features": [],
            "allow_stopping_for_update": null,
            "attached_disk": [],
            "boot_disk": [
              {
                "auto_delete": true,
                "device_name": "persistent-disk-0",
                "disk_encryption_key_raw": "",
                "disk_encryption_key_sha256": "",
                "initialize_params": [
                  {
                    "enable_confidential_compute": false,
                    "image": "https://www.googleapis.com/compute/v1/projects/debian-cloud/global/images/debian-11-bullseye-v20250311",
                    "labels": {},
                    "provisioned_iops": 0,
                    "provisioned_throughput": 0,
                    "resource_manager_tags": null,
                    "resource_policies": [],
                    "size": 10,
                    "storage_pool": "",
                    "type": "pd-standard"
                  }
                ],
                "interface": "",
                "kms_key_self_link": "",
                "mode": "READ_WRITE",
                "source": "https://www.googleapis.com/compute/v1/projects/mitsui-jp-network-defaroyan/zones/asia-northeast2-a/disks/postgresql-vm"
              }
            ],
            "can_ip_forward": false,
            "confidential_instance_config": [],
            "cpu_platform": "AMD Rome",
            "creation_timestamp": "2025-03-18T23:45:58.869-07:00",
            "current_status": "RUNNING",
            "deletion_protection": false,
            "description": "",
            "desired_status": null,
            "effective_labels": {
              "goog-terraform-provisioned": "true"
            },
            "enable_display": false,
            "guest_accelerator": [],
            "hostname": "",
            "id": "projects/mitsui-jp-network-defaroyan/zones/asia-northeast2-a/instances/postgresql-vm",
            "instance_id": "199706378828764873",
            "key_revocation_action_type": "",
            "label_fingerprint": "vezUS-42LLM=",
            "labels": null,
            "machine_type": "e2-micro",
            "metadata": null,
            "metadata_fingerprint": "nZpes4-QLtc=",
            "metadata_startup_script": null,
            "min_cpu_platform": "",
            "name": "postgresql-vm",
            "network_interface": [
              {
                "access_config": [],
                "alias_ip_range": [],
                "internal_ipv6_prefix_length": 0,
                "ipv6_access_config": [],
                "ipv6_access_type": "",
                "ipv6_address": "",
                "name": "nic0",
                "network": "https://www.googleapis.com/compute/v1/projects/mitsui-jp-network-defaroyan/global/networks/external-jp-vpc",
                "network_attachment": "",
                "network_ip": "10.10.21.2",
                "nic_type": "",
                "queue_count": 0,
                "stack_type": "IPV4_ONLY",
                "subnetwork": "https://www.googleapis.com/compute/v1/projects/mitsui-jp-network-defaroyan/regions/asia-northeast2/subnetworks/subnet-external-jp-vpc",
                "subnetwork_project": "mitsui-jp-network-defaroyan"
              }
            ],
            "network_performance_config": [],
            "params": [],
            "project": "mitsui-jp-network-defaroyan",
            "reservation_affinity": [],
            "resource_policies": null,
            "scheduling": [
              {
                "automatic_restart": true,
                "availability_domain": 0,
                "instance_termination_action": "",
                "local_ssd_recovery_timeout": [],
                "max_run_duration": [],
                "min_node_cpus": 0,
                "node_affinities": [],
                "on_host_maintenance": "MIGRATE",
                "on_instance_stop_action": [],
                "preemptible": false,
                "provisioning_model": "STANDARD",
                "termination_time": ""
              }
            ],
            "scratch_disk": [],
            "self_link": "https://www.googleapis.com/compute/v1/projects/mitsui-jp-network-defaroyan/zones/asia-northeast2-a/instances/postgresql-vm",
            "service_account": [],
            "shielded_instance_config": [
              {
                "enable_integrity_monitoring": true,
                "enable_secure_boot": false,
                "enable_vtpm": true
              }
            ],
            "tags": null,
            "tags_fingerprint": "42WmSpB8rSM=",
            "terraform_labels": {
              "goog-terraform-provisioned": "true"
            },
            "timeouts": null,
            "zone": "asia-northeast2-a"
          },
          "sensitive_attributes": [
            [
              {
                "type": "get_attr",
                "value": "boot_disk"
              },
              {
                "type": "index",
                "value": {
                  "value": 0,
                  "type": "number"
                }
              },
              {
                "type": "get_attr",
                "value": "disk_encryption_key_raw"
              }
            ]
          ],
          "private": "eyJlMmJmYjczMC1lY2FhLTExZTYtOGY4OC0zNDM2M2JjN2M0YzAiOnsiY3JlYXRlIjoxMjAwMDAwMDAwMDAwLCJkZWxldGUiOjEyMDAwMDAwMDAwMDAsInVwZGF0ZSI6MTIwMDAwMDAwMDAwMH0sInNjaGVtYV92ZXJzaW9uIjoiNiJ9",
          "dependencies": [
            "google_compute_network.external_jp_vpc",
            "google_compute_subnetwork.subnet_external_jp_vpc",
            "google_project_service.api_jp_net"
          ]
        }
      ]
    },
    {
      "mode": "managed",
      "type": "google_compute_instance_group",
      "name": "ngfw_instance_group",
      "provider": "provider[\"registry.terraform.io/hashicorp/google\"].mitsui-id-net",
      "instances": [
        {
          "schema_version": 2,
          "attributes": {
            "description": "",
            "id": "projects/mitsui-id-network-defaroyan/zones/asia-southeast2-a/instanceGroups/ngfw-instance-group",
            "instances": [
              "https://www.googleapis.com/compute/v1/projects/mitsui-id-network-defaroyan/zones/asia-southeast2-a/instances/ngfw-router"
            ],
            "name": "ngfw-instance-group",
            "named_port": [],
            "network": "https://www.googleapis.com/compute/v1/projects/mitsui-id-network-defaroyan/global/networks/internet-id-vpc",
            "project": "mitsui-id-network-defaroyan",
            "self_link": "https://www.googleapis.com/compute/v1/projects/mitsui-id-network-defaroyan/zones/asia-southeast2-a/instanceGroups/ngfw-instance-group",
            "size": 1,
            "timeouts": null,
            "zone": "asia-southeast2-a"
          },
          "sensitive_attributes": [],
          "private": "eyJlMmJmYjczMC1lY2FhLTExZTYtOGY4OC0zNDM2M2JjN2M0YzAiOnsiY3JlYXRlIjozNjAwMDAwMDAwMDAsImRlbGV0ZSI6MzYwMDAwMDAwMDAwLCJ1cGRhdGUiOjM2MDAwMDAwMDAwMH0sInNjaGVtYV92ZXJzaW9uIjoiMiJ9",
          "dependencies": [
            "google_compute_instance.ngfw_router",
            "google_compute_network.internet_id_vpc",
            "google_compute_network.transit_id_vpc",
            "google_compute_subnetwork.subnet_internet_id_vpc",
            "google_compute_subnetwork.subnet_transit_id_vpc",
            "google_project_service.api_id_net"
          ]
        }
      ]
    },
    {
      "mode": "managed",
      "type": "google_compute_network",
      "name": "external_id_vpc",
      "provider": "provider[\"registry.terraform.io/hashicorp/google\"].mitsui-id-net",
      "instances": [
        {
          "schema_version": 0,
          "attributes": {
            "auto_create_subnetworks": false,
            "bgp_always_compare_med": false,
            "bgp_best_path_selection_mode": "LEGACY",
            "bgp_inter_region_cost": "",
            "delete_default_routes_on_create": false,
            "description": "",
            "enable_ula_internal_ipv6": false,
            "gateway_ipv4": "",
            "id": "projects/mitsui-id-network-defaroyan/global/networks/external-id-vpc",
            "internal_ipv6_range": "",
            "mtu": 0,
            "name": "external-id-vpc",
            "network_firewall_policy_enforcement_order": "AFTER_CLASSIC_FIREWALL",
            "network_id": "5872419507447257359",
            "network_profile": "",
            "numeric_id": "5872419507447257359",
            "project": "mitsui-id-network-defaroyan",
            "routing_mode": "REGIONAL",
            "self_link": "https://www.googleapis.com/compute/v1/projects/mitsui-id-network-defaroyan/global/networks/external-id-vpc",
            "timeouts": null
          },
          "sensitive_attributes": [],
          "private": "eyJlMmJmYjczMC1lY2FhLTExZTYtOGY4OC0zNDM2M2JjN2M0YzAiOnsiY3JlYXRlIjoxMjAwMDAwMDAwMDAwLCJkZWxldGUiOjEyMDAwMDAwMDAwMDAsInVwZGF0ZSI6MTIwMDAwMDAwMDAwMH19",
          "dependencies": [
            "google_project_service.api_id_net"
          ]
        }
      ]
    },
    {
      "mode": "managed",
      "type": "google_compute_network",
      "name": "external_jp_vpc",
      "provider": "provider[\"registry.terraform.io/hashicorp/google\"].mitsui-jp-net",
      "instances": [
        {
          "schema_version": 0,
          "attributes": {
            "auto_create_subnetworks": false,
            "bgp_always_compare_med": false,
            "bgp_best_path_selection_mode": "LEGACY",
            "bgp_inter_region_cost": "",
            "delete_default_routes_on_create": false,
            "description": "",
            "enable_ula_internal_ipv6": false,
            "gateway_ipv4": "",
            "id": "projects/mitsui-jp-network-defaroyan/global/networks/external-jp-vpc",
            "internal_ipv6_range": "",
            "mtu": 0,
            "name": "external-jp-vpc",
            "network_firewall_policy_enforcement_order": "AFTER_CLASSIC_FIREWALL",
            "network_id": "4340689180187679026",
            "network_profile": "",
            "numeric_id": "4340689180187679026",
            "project": "mitsui-jp-network-defaroyan",
            "routing_mode": "REGIONAL",
            "self_link": "https://www.googleapis.com/compute/v1/projects/mitsui-jp-network-defaroyan/global/networks/external-jp-vpc",
            "timeouts": null
          },
          "sensitive_attributes": [],
          "private": "eyJlMmJmYjczMC1lY2FhLTExZTYtOGY4OC0zNDM2M2JjN2M0YzAiOnsiY3JlYXRlIjoxMjAwMDAwMDAwMDAwLCJkZWxldGUiOjEyMDAwMDAwMDAwMDAsInVwZGF0ZSI6MTIwMDAwMDAwMDAwMH19",
          "dependencies": [
            "google_project_service.api_jp_net"
          ]
        }
      ]
    },
    {
      "mode": "managed",
      "type": "google_compute_network",
      "name": "internet_id_vpc",
      "provider": "provider[\"registry.terraform.io/hashicorp/google\"].mitsui-id-net",
      "instances": [
        {
          "schema_version": 0,
          "attributes": {
            "auto_create_subnetworks": false,
            "bgp_always_compare_med": false,
            "bgp_best_path_selection_mode": "LEGACY",
            "bgp_inter_region_cost": "",
            "delete_default_routes_on_create": false,
            "description": "",
            "enable_ula_internal_ipv6": false,
            "gateway_ipv4": "",
            "id": "projects/mitsui-id-network-defaroyan/global/networks/internet-id-vpc",
            "internal_ipv6_range": "",
            "mtu": 0,
            "name": "internet-id-vpc",
            "network_firewall_policy_enforcement_order": "AFTER_CLASSIC_FIREWALL",
            "network_id": "2112552669208369423",
            "network_profile": "",
            "numeric_id": "2112552669208369423",
            "project": "mitsui-id-network-defaroyan",
            "routing_mode": "REGIONAL",
            "self_link": "https://www.googleapis.com/compute/v1/projects/mitsui-id-network-defaroyan/global/networks/internet-id-vpc",
            "timeouts": null
          },
          "sensitive_attributes": [],
          "private": "eyJlMmJmYjczMC1lY2FhLTExZTYtOGY4OC0zNDM2M2JjN2M0YzAiOnsiY3JlYXRlIjoxMjAwMDAwMDAwMDAwLCJkZWxldGUiOjEyMDAwMDAwMDAwMDAsInVwZGF0ZSI6MTIwMDAwMDAwMDAwMH19",
          "dependencies": [
            "google_project_service.api_id_net"
          ]
        }
      ]
    },
    {
      "mode": "managed",
      "type": "google_compute_network",
      "name": "prod_id_vpc",
      "provider": "provider[\"registry.terraform.io/hashicorp/google\"].mitsui-id-net",
      "instances": [
        {
          "schema_version": 0,
          "attributes": {
            "auto_create_subnetworks": false,
            "bgp_always_compare_med": false,
            "bgp_best_path_selection_mode": "LEGACY",
            "bgp_inter_region_cost": "",
            "delete_default_routes_on_create": false,
            "description": "",
            "enable_ula_internal_ipv6": false,
            "gateway_ipv4": "",
            "id": "projects/mitsui-id-network-defaroyan/global/networks/prod-id-vpc",
            "internal_ipv6_range": "",
            "mtu": 0,
            "name": "prod-id-vpc",
            "network_firewall_policy_enforcement_order": "AFTER_CLASSIC_FIREWALL",
            "network_id": "8019354842742380811",
            "network_profile": "",
            "numeric_id": "8019354842742380811",
            "project": "mitsui-id-network-defaroyan",
            "routing_mode": "REGIONAL",
            "self_link": "https://www.googleapis.com/compute/v1/projects/mitsui-id-network-defaroyan/global/networks/prod-id-vpc",
            "timeouts": null
          },
          "sensitive_attributes": [],
          "private": "eyJlMmJmYjczMC1lY2FhLTExZTYtOGY4OC0zNDM2M2JjN2M0YzAiOnsiY3JlYXRlIjoxMjAwMDAwMDAwMDAwLCJkZWxldGUiOjEyMDAwMDAwMDAwMDAsInVwZGF0ZSI6MTIwMDAwMDAwMDAwMH19",
          "dependencies": [
            "google_project_service.api_id_net"
          ]
        }
      ]
    },
    {
      "mode": "managed",
      "type": "google_compute_network",
      "name": "prod_vpc",
      "provider": "provider[\"registry.terraform.io/hashicorp/google\"].mitsui-id-core",
      "instances": [
        {
          "schema_version": 0,
          "attributes": {
            "auto_create_subnetworks": false,
            "bgp_always_compare_med": false,
            "bgp_best_path_selection_mode": "LEGACY",
            "bgp_inter_region_cost": "",
            "delete_default_routes_on_create": false,
            "description": "",
            "enable_ula_internal_ipv6": false,
            "gateway_ipv4": "",
            "id": "projects/mitsui-id-core-defaroyan/global/networks/prod-vpc",
            "internal_ipv6_range": "",
            "mtu": 0,
            "name": "prod-vpc",
            "network_firewall_policy_enforcement_order": "AFTER_CLASSIC_FIREWALL",
            "network_id": "2700920569799891250",
            "network_profile": "",
            "numeric_id": "2700920569799891250",
            "project": "mitsui-id-core-defaroyan",
            "routing_mode": "REGIONAL",
            "self_link": "https://www.googleapis.com/compute/v1/projects/mitsui-id-core-defaroyan/global/networks/prod-vpc",
            "timeouts": null
          },
          "sensitive_attributes": [],
          "private": "eyJlMmJmYjczMC1lY2FhLTExZTYtOGY4OC0zNDM2M2JjN2M0YzAiOnsiY3JlYXRlIjoxMjAwMDAwMDAwMDAwLCJkZWxldGUiOjEyMDAwMDAwMDAwMDAsInVwZGF0ZSI6MTIwMDAwMDAwMDAwMH19",
          "dependencies": [
            "google_project_service.api_id_core"
          ]
        }
      ]
    },
    {
      "mode": "managed",
      "type": "google_compute_network",
      "name": "transit_id_vpc",
      "provider": "provider[\"registry.terraform.io/hashicorp/google\"].mitsui-id-net",
      "instances": [
        {
          "schema_version": 0,
          "attributes": {
            "auto_create_subnetworks": false,
            "bgp_always_compare_med": false,
            "bgp_best_path_selection_mode": "LEGACY",
            "bgp_inter_region_cost": "",
            "delete_default_routes_on_create": false,
            "description": "",
            "enable_ula_internal_ipv6": false,
            "gateway_ipv4": "",
            "id": "projects/mitsui-id-network-defaroyan/global/networks/transit-id-vpc",
            "internal_ipv6_range": "",
            "mtu": 0,
            "name": "transit-id-vpc",
            "network_firewall_policy_enforcement_order": "AFTER_CLASSIC_FIREWALL",
            "network_id": "5687516196077295887",
            "network_profile": "",
            "numeric_id": "5687516196077295887",
            "project": "mitsui-id-network-defaroyan",
            "routing_mode": "REGIONAL",
            "self_link": "https://www.googleapis.com/compute/v1/projects/mitsui-id-network-defaroyan/global/networks/transit-id-vpc",
            "timeouts": null
          },
          "sensitive_attributes": [],
          "private": "eyJlMmJmYjczMC1lY2FhLTExZTYtOGY4OC0zNDM2M2JjN2M0YzAiOnsiY3JlYXRlIjoxMjAwMDAwMDAwMDAwLCJkZWxldGUiOjEyMDAwMDAwMDAwMDAsInVwZGF0ZSI6MTIwMDAwMDAwMDAwMH19",
          "dependencies": [
            "google_project_service.api_id_net"
          ]
        }
      ]
    },
    {
      "mode": "managed",
      "type": "google_compute_network_peering",
      "name": "external_transit",
      "provider": "provider[\"registry.terraform.io/hashicorp/google\"].mitsui-id-net",
      "instances": [
        {
          "schema_version": 0,
          "attributes": {
            "export_custom_routes": true,
            "export_subnet_routes_with_public_ip": true,
            "id": "external-id-vpc/external-transit",
            "import_custom_routes": true,
            "import_subnet_routes_with_public_ip": false,
            "name": "external-transit",
            "network": "https://www.googleapis.com/compute/v1/projects/mitsui-id-network-defaroyan/global/networks/external-id-vpc",
            "peer_network": "https://www.googleapis.com/compute/v1/projects/mitsui-id-network-defaroyan/global/networks/transit-id-vpc",
            "stack_type": "IPV4_ONLY",
            "state": "INACTIVE",
            "state_details": "[2025-03-18T23:45:32.883-07:00]: Waiting for peer network to connect.",
            "timeouts": null
          },
          "sensitive_attributes": [],
          "private": "eyJlMmJmYjczMC1lY2FhLTExZTYtOGY4OC0zNDM2M2JjN2M0YzAiOnsiY3JlYXRlIjoyNDAwMDAwMDAwMDAsImRlbGV0ZSI6MjQwMDAwMDAwMDAwLCJ1cGRhdGUiOjI0MDAwMDAwMDAwMH19",
          "dependencies": [
            "google_compute_network.external_id_vpc",
            "google_compute_network.transit_id_vpc",
            "google_project_service.api_id_net"
          ]
        }
      ]
    },
    {
      "mode": "managed",
      "type": "google_compute_network_peering",
      "name": "prod_transit",
      "provider": "provider[\"registry.terraform.io/hashicorp/google\"].mitsui-id-net",
      "instances": [
        {
          "schema_version": 0,
          "attributes": {
            "export_custom_routes": true,
            "export_subnet_routes_with_public_ip": true,
            "id": "prod-id-vpc/prod-transit",
            "import_custom_routes": true,
            "import_subnet_routes_with_public_ip": false,
            "name": "prod-transit",
            "network": "https://www.googleapis.com/compute/v1/projects/mitsui-id-network-defaroyan/global/networks/prod-id-vpc",
            "peer_network": "https://www.googleapis.com/compute/v1/projects/mitsui-id-network-defaroyan/global/networks/transit-id-vpc",
            "stack_type": "IPV4_ONLY",
            "state": "INACTIVE",
            "state_details": "[2025-03-18T23:45:44.597-07:00]: Waiting for peer network to connect.",
            "timeouts": null
          },
          "sensitive_attributes": [],
          "private": "eyJlMmJmYjczMC1lY2FhLTExZTYtOGY4OC0zNDM2M2JjN2M0YzAiOnsiY3JlYXRlIjoyNDAwMDAwMDAwMDAsImRlbGV0ZSI6MjQwMDAwMDAwMDAwLCJ1cGRhdGUiOjI0MDAwMDAwMDAwMH19",
          "dependencies": [
            "google_compute_network.prod_id_vpc",
            "google_compute_network.transit_id_vpc",
            "google_project_service.api_id_net"
          ]
        }
      ]
    },
    {
      "mode": "managed",
      "type": "google_compute_network_peering",
      "name": "transit_external",
      "provider": "provider[\"registry.terraform.io/hashicorp/google\"].mitsui-id-net",
      "instances": [
        {
          "schema_version": 0,
          "attributes": {
            "export_custom_routes": true,
            "export_subnet_routes_with_public_ip": true,
            "id": "transit-id-vpc/transit-external",
            "import_custom_routes": true,
            "import_subnet_routes_with_public_ip": false,
            "name": "transit-external",
            "network": "https://www.googleapis.com/compute/v1/projects/mitsui-id-network-defaroyan/global/networks/transit-id-vpc",
            "peer_network": "https://www.googleapis.com/compute/v1/projects/mitsui-id-network-defaroyan/global/networks/external-id-vpc",
            "stack_type": "IPV4_ONLY",
            "state": "ACTIVE",
            "state_details": "[2025-03-18T23:46:00.442-07:00]: Connected.",
            "timeouts": null
          },
          "sensitive_attributes": [],
          "private": "eyJlMmJmYjczMC1lY2FhLTExZTYtOGY4OC0zNDM2M2JjN2M0YzAiOnsiY3JlYXRlIjoyNDAwMDAwMDAwMDAsImRlbGV0ZSI6MjQwMDAwMDAwMDAwLCJ1cGRhdGUiOjI0MDAwMDAwMDAwMH19",
          "dependencies": [
            "google_compute_network.external_id_vpc",
            "google_compute_network.transit_id_vpc",
            "google_project_service.api_id_net"
          ]
        }
      ]
    },
    {
      "mode": "managed",
      "type": "google_compute_network_peering",
      "name": "transit_prod",
      "provider": "provider[\"registry.terraform.io/hashicorp/google\"].mitsui-id-net",
      "instances": [
        {
          "schema_version": 0,
          "attributes": {
            "export_custom_routes": true,
            "export_subnet_routes_with_public_ip": true,
            "id": "transit-id-vpc/transit-prod",
            "import_custom_routes": true,
            "import_subnet_routes_with_public_ip": false,
            "name": "transit-prod",
            "network": "https://www.googleapis.com/compute/v1/projects/mitsui-id-network-defaroyan/global/networks/transit-id-vpc",
            "peer_network": "https://www.googleapis.com/compute/v1/projects/mitsui-id-network-defaroyan/global/networks/prod-id-vpc",
            "stack_type": "IPV4_ONLY",
            "state": "ACTIVE",
            "state_details": "[2025-03-18T23:46:21.833-07:00]: Connected.",
            "timeouts": null
          },
          "sensitive_attributes": [],
          "private": "eyJlMmJmYjczMC1lY2FhLTExZTYtOGY4OC0zNDM2M2JjN2M0YzAiOnsiY3JlYXRlIjoyNDAwMDAwMDAwMDAsImRlbGV0ZSI6MjQwMDAwMDAwMDAwLCJ1cGRhdGUiOjI0MDAwMDAwMDAwMH19",
          "dependencies": [
            "google_compute_network.prod_id_vpc",
            "google_compute_network.transit_id_vpc",
            "google_project_service.api_id_net"
          ]
        }
      ]
    },
    {
      "mode": "managed",
      "type": "google_compute_route",
      "name": "id_to_jp_route",
      "provider": "provider[\"registry.terraform.io/hashicorp/google\"].mitsui-id-net",
      "instances": [
        {
          "schema_version": 0,
          "attributes": {
            "as_paths": [],
            "creation_timestamp": "2025-03-18T23:46:39.177-07:00",
            "description": "",
            "dest_range": "10.10.21.0/24",
            "id": "projects/mitsui-id-network-defaroyan/global/routes/id-to-jp-route",
            "name": "id-to-jp-route",
            "network": "https://www.googleapis.com/compute/v1/projects/mitsui-id-network-defaroyan/global/networks/transit-id-vpc",
            "next_hop_gateway": "",
            "next_hop_hub": "",
            "next_hop_ilb": "",
            "next_hop_instance": "",
            "next_hop_instance_zone": null,
            "next_hop_inter_region_cost": "",
            "next_hop_ip": "",
            "next_hop_med": "",
            "next_hop_network": "",
            "next_hop_origin": "",
            "next_hop_peering": "",
            "next_hop_vpn_tunnel": "https://www.googleapis.com/compute/v1/projects/mitsui-id-network-defaroyan/regions/asia-southeast2/vpnTunnels/id-to-jp-tunnel",
            "priority": 1000,
            "project": "mitsui-id-network-defaroyan",
            "route_status": "",
            "route_type": "",
            "self_link": "https://www.googleapis.com/compute/v1/projects/mitsui-id-network-defaroyan/global/routes/id-to-jp-route",
            "tags": null,
            "timeouts": null,
            "warnings": []
          },
          "sensitive_attributes": [],
          "private": "eyJlMmJmYjczMC1lY2FhLTExZTYtOGY4OC0zNDM2M2JjN2M0YzAiOnsiY3JlYXRlIjoxMjAwMDAwMDAwMDAwLCJkZWxldGUiOjEyMDAwMDAwMDAwMDB9fQ==",
          "dependencies": [
            "google_compute_address.id_vpn_static_ip",
            "google_compute_address.jp_vpn_static_ip",
            "google_compute_forwarding_rule.id_esp_rule",
            "google_compute_forwarding_rule.id_udp_4500_rule",
            "google_compute_forwarding_rule.id_udp_500_rule",
            "google_compute_network.transit_id_vpc",
            "google_compute_vpn_gateway.id_vpn_gateway",
            "google_compute_vpn_tunnel.id_to_jp_tunnel",
            "google_project_service.api_id_net"
          ]
        }
      ]
    },
    {
      "mode": "managed",
      "type": "google_compute_route",
      "name": "internet_routes",
      "provider": "provider[\"registry.terraform.io/hashicorp/google\"].mitsui-id-net",
      "instances": [
        {
          "schema_version": 0,
          "attributes": {
            "as_paths": [],
            "creation_timestamp": "2025-03-18T23:46:42.987-07:00",
            "description": "",
            "dest_range": "0.0.0.0/0",
            "id": "projects/mitsui-id-network-defaroyan/global/routes/transit-default-route",
            "name": "transit-default-route",
            "network": "https://www.googleapis.com/compute/v1/projects/mitsui-id-network-defaroyan/global/networks/transit-id-vpc",
            "next_hop_gateway": "",
            "next_hop_hub": "",
            "next_hop_ilb": "",
            "next_hop_instance": "projects/mitsui-id-network-defaroyan/zones/asia-southeast2-a/instances/ngfw-router",
            "next_hop_instance_zone": "asia-southeast2-a",
            "next_hop_inter_region_cost": "",
            "next_hop_ip": "",
            "next_hop_med": "",
            "next_hop_network": "",
            "next_hop_origin": "",
            "next_hop_peering": "",
            "next_hop_vpn_tunnel": "",
            "priority": 999,
            "project": "mitsui-id-network-defaroyan",
            "route_status": "",
            "route_type": "",
            "self_link": "https://www.googleapis.com/compute/v1/projects/mitsui-id-network-defaroyan/global/routes/transit-default-route",
            "tags": null,
            "timeouts": null,
            "warnings": []
          },
          "sensitive_attributes": [],
          "private": "eyJlMmJmYjczMC1lY2FhLTExZTYtOGY4OC0zNDM2M2JjN2M0YzAiOnsiY3JlYXRlIjoxMjAwMDAwMDAwMDAwLCJkZWxldGUiOjEyMDAwMDAwMDAwMDB9fQ==",
          "dependencies": [
            "google_compute_instance.ngfw_router",
            "google_compute_network.internet_id_vpc",
            "google_compute_network.transit_id_vpc",
            "google_compute_subnetwork.subnet_internet_id_vpc",
            "google_compute_subnetwork.subnet_transit_id_vpc",
            "google_project_service.api_id_net"
          ]
        }
      ]
    },
    {
      "mode": "managed",
      "type": "google_compute_route",
      "name": "jp_to_id_route",
      "provider": "provider[\"registry.terraform.io/hashicorp/google\"].mitsui-jp-net",
      "instances": [
        {
          "schema_version": 0,
          "attributes": {
            "as_paths": [],
            "creation_timestamp": "2025-03-18T23:46:41.254-07:00",
            "description": "",
            "dest_range": "10.10.2.0/24",
            "id": "projects/mitsui-jp-network-defaroyan/global/routes/jp-to-id-route",
            "name": "jp-to-id-route",
            "network": "https://www.googleapis.com/compute/v1/projects/mitsui-jp-network-defaroyan/global/networks/external-jp-vpc",
            "next_hop_gateway": "",
            "next_hop_hub": "",
            "next_hop_ilb": "",
            "next_hop_instance": "",
            "next_hop_instance_zone": null,
            "next_hop_inter_region_cost": "",
            "next_hop_ip": "",
            "next_hop_med": "",
            "next_hop_network": "",
            "next_hop_origin": "",
            "next_hop_peering": "",
            "next_hop_vpn_tunnel": "https://www.googleapis.com/compute/v1/projects/mitsui-jp-network-defaroyan/regions/asia-northeast2/vpnTunnels/jp-to-id-tunnel",
            "priority": 1000,
            "project": "mitsui-jp-network-defaroyan",
            "route_status": "",
            "route_type": "",
            "self_link": "https://www.googleapis.com/compute/v1/projects/mitsui-jp-network-defaroyan/global/routes/jp-to-id-route",
            "tags": null,
            "timeouts": null,
            "warnings": []
          },
          "sensitive_attributes": [],
          "private": "eyJlMmJmYjczMC1lY2FhLTExZTYtOGY4OC0zNDM2M2JjN2M0YzAiOnsiY3JlYXRlIjoxMjAwMDAwMDAwMDAwLCJkZWxldGUiOjEyMDAwMDAwMDAwMDB9fQ==",
          "dependencies": [
            "google_compute_address.id_vpn_static_ip",
            "google_compute_address.jp_vpn_static_ip",
            "google_compute_forwarding_rule.jp_esp_rule",
            "google_compute_forwarding_rule.jp_udp_4500_rule",
            "google_compute_forwarding_rule.jp_udp_500_rule",
            "google_compute_network.external_jp_vpc",
            "google_compute_vpn_gateway.jp_vpn_gateway",
            "google_compute_vpn_tunnel.jp_to_id_tunnel",
            "google_project_service.api_jp_net"
          ]
        }
      ]
    },
    {
      "mode": "managed",
      "type": "google_compute_router",
      "name": "nat_router",
      "provider": "provider[\"registry.terraform.io/hashicorp/google\"].mitsui-id-net",
      "instances": [
        {
          "schema_version": 0,
          "attributes": {
            "bgp": [],
            "creation_timestamp": "2025-03-18T23:45:20.061-07:00",
            "description": "Router for Cloud NAT service",
            "encrypted_interconnect_router": false,
            "id": "projects/mitsui-id-network-defaroyan/regions/asia-southeast2/routers/nat-router",
            "name": "nat-router",
            "network": "https://www.googleapis.com/compute/v1/projects/mitsui-id-network-defaroyan/global/networks/internet-id-vpc",
            "project": "mitsui-id-network-defaroyan",
            "region": "asia-southeast2",
            "self_link": "https://www.googleapis.com/compute/v1/projects/mitsui-id-network-defaroyan/regions/asia-southeast2/routers/nat-router",
            "timeouts": null
          },
          "sensitive_attributes": [],
          "private": "eyJlMmJmYjczMC1lY2FhLTExZTYtOGY4OC0zNDM2M2JjN2M0YzAiOnsiY3JlYXRlIjoxMjAwMDAwMDAwMDAwLCJkZWxldGUiOjEyMDAwMDAwMDAwMDAsInVwZGF0ZSI6MTIwMDAwMDAwMDAwMH19",
          "dependencies": [
            "google_compute_network.internet_id_vpc",
            "google_project_service.api_id_net"
          ]
        }
      ]
    },
    {
      "mode": "managed",
      "type": "google_compute_router_nat",
      "name": "nat_config",
      "provider": "provider[\"registry.terraform.io/hashicorp/google\"].mitsui-id-net",
      "instances": [
        {
          "schema_version": 0,
          "attributes": {
            "auto_network_tier": "PREMIUM",
            "drain_nat_ips": [],
            "enable_dynamic_port_allocation": false,
            "enable_endpoint_independent_mapping": false,
            "endpoint_types": [
              "ENDPOINT_TYPE_VM"
            ],
            "icmp_idle_timeout_sec": 30,
            "id": "mitsui-id-network-defaroyan/asia-southeast2/nat-router/egress-nat",
            "initial_nat_ips": null,
            "log_config": [],
            "max_ports_per_vm": 0,
            "min_ports_per_vm": 0,
            "name": "egress-nat",
            "nat_ip_allocate_option": "AUTO_ONLY",
            "nat_ips": [],
            "project": "mitsui-id-network-defaroyan",
            "region": "asia-southeast2",
            "router": "nat-router",
            "rules": [],
            "source_subnetwork_ip_ranges_to_nat": "ALL_SUBNETWORKS_ALL_IP_RANGES",
            "subnetwork": [],
            "tcp_established_idle_timeout_sec": 1200,
            "tcp_time_wait_timeout_sec": 120,
            "tcp_transitory_idle_timeout_sec": 30,
            "timeouts": null,
            "udp_idle_timeout_sec": 30
          },
          "sensitive_attributes": [],
          "private": "eyJlMmJmYjczMC1lY2FhLTExZTYtOGY4OC0zNDM2M2JjN2M0YzAiOnsiY3JlYXRlIjoxMjAwMDAwMDAwMDAwLCJkZWxldGUiOjEyMDAwMDAwMDAwMDAsInVwZGF0ZSI6MTIwMDAwMDAwMDAwMH19",
          "dependencies": [
            "google_compute_network.internet_id_vpc",
            "google_compute_router.nat_router",
            "google_project_service.api_id_net"
          ]
        }
      ]
    },
    {
      "mode": "managed",
      "type": "google_compute_shared_vpc_host_project",
      "name": "host",
      "provider": "provider[\"registry.terraform.io/hashicorp/google\"].mitsui-id-net",
      "instances": [
        {
          "schema_version": 0,
          "attributes": {
            "id": "mitsui-id-network-defaroyan",
            "project": "mitsui-id-network-defaroyan",
            "timeouts": null
          },
          "sensitive_attributes": [],
          "private": "eyJlMmJmYjczMC1lY2FhLTExZTYtOGY4OC0zNDM2M2JjN2M0YzAiOnsiY3JlYXRlIjoyNDAwMDAwMDAwMDAsImRlbGV0ZSI6MjQwMDAwMDAwMDAwfX0="
        }
      ]
    },
    {
      "mode": "managed",
      "type": "google_compute_shared_vpc_service_project",
      "name": "service_project",
      "provider": "provider[\"registry.terraform.io/hashicorp/google\"].mitsui-id-net",
      "instances": [
        {
          "schema_version": 0,
          "attributes": {
            "deletion_policy": null,
            "host_project": "mitsui-id-network-defaroyan",
            "id": "mitsui-id-network-defaroyan/mitsui-id-core-defaroyan",
            "service_project": "mitsui-id-core-defaroyan",
            "timeouts": null
          },
          "sensitive_attributes": [],
          "private": "eyJlMmJmYjczMC1lY2FhLTExZTYtOGY4OC0zNDM2M2JjN2M0YzAiOnsiY3JlYXRlIjoyNDAwMDAwMDAwMDAsImRlbGV0ZSI6MjQwMDAwMDAwMDAwfX0=",
          "dependencies": [
            "google_compute_shared_vpc_host_project.host"
          ]
        }
      ]
    },
    {
      "mode": "managed",
      "type": "google_compute_subnetwork",
      "name": "subnet_external_id_vpc",
      "provider": "provider[\"registry.terraform.io/hashicorp/google\"].mitsui-id-net",
      "instances": [
        {
          "schema_version": 0,
          "attributes": {
            "creation_timestamp": "2025-03-18T23:45:34.463-07:00",
            "description": "",
            "external_ipv6_prefix": "",
            "fingerprint": null,
            "gateway_address": "10.10.3.1",
            "id": "projects/mitsui-id-network-defaroyan/regions/asia-southeast2/subnetworks/subnet-external-id-vpc",
            "internal_ipv6_prefix": "",
            "ip_cidr_range": "10.10.3.0/24",
            "ip_collection": null,
            "ipv6_access_type": "",
            "ipv6_cidr_range": "",
            "ipv6_gce_endpoint": "",
            "log_config": [],
            "name": "subnet-external-id-vpc",
            "network": "https://www.googleapis.com/compute/v1/projects/mitsui-id-network-defaroyan/global/networks/external-id-vpc",
            "private_ip_google_access": false,
            "private_ipv6_google_access": "DISABLE_GOOGLE_ACCESS",
            "project": "mitsui-id-network-defaroyan",
            "purpose": "PRIVATE",
            "region": "asia-southeast2",
            "reserved_internal_range": "",
            "role": "",
            "secondary_ip_range": [],
            "self_link": "https://www.googleapis.com/compute/v1/projects/mitsui-id-network-defaroyan/regions/asia-southeast2/subnetworks/subnet-external-id-vpc",
            "send_secondary_ip_range_if_empty": null,
            "stack_type": "IPV4_ONLY",
            "subnetwork_id": 5763410402796361441,
            "timeouts": null
          },
          "sensitive_attributes": [],
          "private": "eyJlMmJmYjczMC1lY2FhLTExZTYtOGY4OC0zNDM2M2JjN2M0YzAiOnsiY3JlYXRlIjoxMjAwMDAwMDAwMDAwLCJkZWxldGUiOjEyMDAwMDAwMDAwMDAsInVwZGF0ZSI6MTIwMDAwMDAwMDAwMH19",
          "dependencies": [
            "google_compute_network.external_id_vpc",
            "google_project_service.api_id_net"
          ]
        }
      ]
    },
    {
      "mode": "managed",
      "type": "google_compute_subnetwork",
      "name": "subnet_external_jp_vpc",
      "provider": "provider[\"registry.terraform.io/hashicorp/google\"].mitsui-jp-net",
      "instances": [
        {
          "schema_version": 0,
          "attributes": {
            "creation_timestamp": "2025-03-18T23:45:09.589-07:00",
            "description": "",
            "external_ipv6_prefix": "",
            "fingerprint": null,
            "gateway_address": "10.10.21.1",
            "id": "projects/mitsui-jp-network-defaroyan/regions/asia-northeast2/subnetworks/subnet-external-jp-vpc",
            "internal_ipv6_prefix": "",
            "ip_cidr_range": "10.10.21.0/24",
            "ip_collection": null,
            "ipv6_access_type": "",
            "ipv6_cidr_range": "",
            "ipv6_gce_endpoint": "",
            "log_config": [],
            "name": "subnet-external-jp-vpc",
            "network": "https://www.googleapis.com/compute/v1/projects/mitsui-jp-network-defaroyan/global/networks/external-jp-vpc",
            "private_ip_google_access": false,
            "private_ipv6_google_access": "DISABLE_GOOGLE_ACCESS",
            "project": "mitsui-jp-network-defaroyan",
            "purpose": "PRIVATE",
            "region": "asia-northeast2",
            "reserved_internal_range": "",
            "role": "",
            "secondary_ip_range": [],
            "self_link": "https://www.googleapis.com/compute/v1/projects/mitsui-jp-network-defaroyan/regions/asia-northeast2/subnetworks/subnet-external-jp-vpc",
            "send_secondary_ip_range_if_empty": null,
            "stack_type": "IPV4_ONLY",
            "subnetwork_id": 7392052535331641626,
            "timeouts": null
          },
          "sensitive_attributes": [],
          "private": "eyJlMmJmYjczMC1lY2FhLTExZTYtOGY4OC0zNDM2M2JjN2M0YzAiOnsiY3JlYXRlIjoxMjAwMDAwMDAwMDAwLCJkZWxldGUiOjEyMDAwMDAwMDAwMDAsInVwZGF0ZSI6MTIwMDAwMDAwMDAwMH19",
          "dependencies": [
            "google_compute_network.external_jp_vpc",
            "google_project_service.api_jp_net"
          ]
        }
      ]
    },
    {
      "mode": "managed",
      "type": "google_compute_subnetwork",
      "name": "subnet_internet_id_vpc",
      "provider": "provider[\"registry.terraform.io/hashicorp/google\"].mitsui-id-net",
      "instances": [
        {
          "schema_version": 0,
          "attributes": {
            "creation_timestamp": "2025-03-18T23:45:16.630-07:00",
            "description": "",
            "external_ipv6_prefix": "",
            "fingerprint": null,
            "gateway_address": "10.10.1.1",
            "id": "projects/mitsui-id-network-defaroyan/regions/asia-southeast2/subnetworks/subnet-internet-id-vpc",
            "internal_ipv6_prefix": "",
            "ip_cidr_range": "10.10.1.0/24",
            "ip_collection": null,
            "ipv6_access_type": "",
            "ipv6_cidr_range": "",
            "ipv6_gce_endpoint": "",
            "log_config": [],
            "name": "subnet-internet-id-vpc",
            "network": "https://www.googleapis.com/compute/v1/projects/mitsui-id-network-defaroyan/global/networks/internet-id-vpc",
            "private_ip_google_access": false,
            "private_ipv6_google_access": "DISABLE_GOOGLE_ACCESS",
            "project": "mitsui-id-network-defaroyan",
            "purpose": "PRIVATE",
            "region": "asia-southeast2",
            "reserved_internal_range": "",
            "role": "",
            "secondary_ip_range": [],
            "self_link": "https://www.googleapis.com/compute/v1/projects/mitsui-id-network-defaroyan/regions/asia-southeast2/subnetworks/subnet-internet-id-vpc",
            "send_secondary_ip_range_if_empty": null,
            "stack_type": "IPV4_ONLY",
            "subnetwork_id": 8222451038577744147,
            "timeouts": null
          },
          "sensitive_attributes": [],
          "private": "eyJlMmJmYjczMC1lY2FhLTExZTYtOGY4OC0zNDM2M2JjN2M0YzAiOnsiY3JlYXRlIjoxMjAwMDAwMDAwMDAwLCJkZWxldGUiOjEyMDAwMDAwMDAwMDAsInVwZGF0ZSI6MTIwMDAwMDAwMDAwMH19",
          "dependencies": [
            "google_compute_network.internet_id_vpc",
            "google_project_service.api_id_net"
          ]
        }
      ]
    },
    {
      "mode": "managed",
      "type": "google_compute_subnetwork",
      "name": "subnet_prod_id_vpc",
      "provider": "provider[\"registry.terraform.io/hashicorp/google\"].mitsui-id-net",
      "instances": [
        {
          "schema_version": 0,
          "attributes": {
            "creation_timestamp": "2025-03-18T23:45:45.314-07:00",
            "description": "",
            "external_ipv6_prefix": "",
            "fingerprint": null,
            "gateway_address": "10.10.4.1",
            "id": "projects/mitsui-id-network-defaroyan/regions/asia-southeast2/subnetworks/subnet-prod-id-vpc",
            "internal_ipv6_prefix": "",
            "ip_cidr_range": "10.10.4.0/24",
            "ip_collection": null,
            "ipv6_access_type": "",
            "ipv6_cidr_range": "",
            "ipv6_gce_endpoint": "",
            "log_config": [],
            "name": "subnet-prod-id-vpc",
            "network": "https://www.googleapis.com/compute/v1/projects/mitsui-id-network-defaroyan/global/networks/prod-id-vpc",
            "private_ip_google_access": true,
            "private_ipv6_google_access": "DISABLE_GOOGLE_ACCESS",
            "project": "mitsui-id-network-defaroyan",
            "purpose": "PRIVATE",
            "region": "asia-southeast2",
            "reserved_internal_range": "",
            "role": "",
            "secondary_ip_range": [
              {
                "ip_cidr_range": "10.10.5.0/24",
                "range_name": "pod-ranges",
                "reserved_internal_range": ""
              },
              {
                "ip_cidr_range": "10.10.6.0/24",
                "range_name": "services-ranges",
                "reserved_internal_range": ""
              }
            ],
            "self_link": "https://www.googleapis.com/compute/v1/projects/mitsui-id-network-defaroyan/regions/asia-southeast2/subnetworks/subnet-prod-id-vpc",
            "send_secondary_ip_range_if_empty": null,
            "stack_type": "IPV4_ONLY",
            "subnetwork_id": 2288670010794039030,
            "timeouts": null
          },
          "sensitive_attributes": [],
          "private": "eyJlMmJmYjczMC1lY2FhLTExZTYtOGY4OC0zNDM2M2JjN2M0YzAiOnsiY3JlYXRlIjoxMjAwMDAwMDAwMDAwLCJkZWxldGUiOjEyMDAwMDAwMDAwMDAsInVwZGF0ZSI6MTIwMDAwMDAwMDAwMH19",
          "dependencies": [
            "google_compute_network.prod_id_vpc",
            "google_project_service.api_id_net"
          ]
        }
      ]
    },
    {
      "mode": "managed",
      "type": "google_compute_subnetwork",
      "name": "subnet_prod_vpc",
      "provider": "provider[\"registry.terraform.io/hashicorp/google\"].mitsui-id-core",
      "instances": [
        {
          "schema_version": 0,
          "attributes": {
            "creation_timestamp": "2025-03-18T23:45:12.185-07:00",
            "description": "",
            "external_ipv6_prefix": "",
            "fingerprint": null,
            "gateway_address": "10.10.11.1",
            "id": "projects/mitsui-id-core-defaroyan/regions/asia-southeast2/subnetworks/subnet-prod-vpc",
            "internal_ipv6_prefix": "",
            "ip_cidr_range": "10.10.11.0/24",
            "ip_collection": null,
            "ipv6_access_type": "",
            "ipv6_cidr_range": "",
            "ipv6_gce_endpoint": "",
            "log_config": [],
            "name": "subnet-prod-vpc",
            "network": "https://www.googleapis.com/compute/v1/projects/mitsui-id-core-defaroyan/global/networks/prod-vpc",
            "private_ip_google_access": false,
            "private_ipv6_google_access": "DISABLE_GOOGLE_ACCESS",
            "project": "mitsui-id-core-defaroyan",
            "purpose": "PRIVATE",
            "region": "asia-southeast2",
            "reserved_internal_range": "",
            "role": "",
            "secondary_ip_range": [],
            "self_link": "https://www.googleapis.com/compute/v1/projects/mitsui-id-core-defaroyan/regions/asia-southeast2/subnetworks/subnet-prod-vpc",
            "send_secondary_ip_range_if_empty": null,
            "stack_type": "IPV4_ONLY",
            "subnetwork_id": 5671955306225588503,
            "timeouts": null
          },
          "sensitive_attributes": [],
          "private": "eyJlMmJmYjczMC1lY2FhLTExZTYtOGY4OC0zNDM2M2JjN2M0YzAiOnsiY3JlYXRlIjoxMjAwMDAwMDAwMDAwLCJkZWxldGUiOjEyMDAwMDAwMDAwMDAsInVwZGF0ZSI6MTIwMDAwMDAwMDAwMH19",
          "dependencies": [
            "google_compute_network.prod_vpc",
            "google_project_service.api_id_core"
          ]
        }
      ]
    },
    {
      "mode": "managed",
      "type": "google_compute_subnetwork",
      "name": "subnet_transit_id_vpc",
      "provider": "provider[\"registry.terraform.io/hashicorp/google\"].mitsui-id-net",
      "instances": [
        {
          "schema_version": 0,
          "attributes": {
            "creation_timestamp": "2025-03-18T23:45:32.732-07:00",
            "description": "",
            "external_ipv6_prefix": "",
            "fingerprint": null,
            "gateway_address": "10.10.2.1",
            "id": "projects/mitsui-id-network-defaroyan/regions/asia-southeast2/subnetworks/subnet-transit-id-vpc",
            "internal_ipv6_prefix": "",
            "ip_cidr_range": "10.10.2.0/24",
            "ip_collection": null,
            "ipv6_access_type": "",
            "ipv6_cidr_range": "",
            "ipv6_gce_endpoint": "",
            "log_config": [],
            "name": "subnet-transit-id-vpc",
            "network": "https://www.googleapis.com/compute/v1/projects/mitsui-id-network-defaroyan/global/networks/transit-id-vpc",
            "private_ip_google_access": false,
            "private_ipv6_google_access": "DISABLE_GOOGLE_ACCESS",
            "project": "mitsui-id-network-defaroyan",
            "purpose": "PRIVATE",
            "region": "asia-southeast2",
            "reserved_internal_range": "",
            "role": "",
            "secondary_ip_range": [],
            "self_link": "https://www.googleapis.com/compute/v1/projects/mitsui-id-network-defaroyan/regions/asia-southeast2/subnetworks/subnet-transit-id-vpc",
            "send_secondary_ip_range_if_empty": null,
            "stack_type": "IPV4_ONLY",
            "subnetwork_id": 2410013939396499171,
            "timeouts": null
          },
          "sensitive_attributes": [],
          "private": "eyJlMmJmYjczMC1lY2FhLTExZTYtOGY4OC0zNDM2M2JjN2M0YzAiOnsiY3JlYXRlIjoxMjAwMDAwMDAwMDAwLCJkZWxldGUiOjEyMDAwMDAwMDAwMDAsInVwZGF0ZSI6MTIwMDAwMDAwMDAwMH19",
          "dependencies": [
            "google_compute_network.transit_id_vpc",
            "google_project_service.api_id_net"
          ]
        }
      ]
    },
    {
      "mode": "managed",
      "type": "google_compute_target_http_proxy",
      "name": "lb_proxy",
      "provider": "provider[\"registry.terraform.io/hashicorp/google\"].mitsui-id-net",
      "instances": [
        {
          "schema_version": 0,
          "attributes": {
            "creation_timestamp": "2025-03-18T23:47:35.129-07:00",
            "description": "",
            "http_keep_alive_timeout_sec": 0,
            "id": "projects/mitsui-id-network-defaroyan/global/targetHttpProxies/lb-target-proxy",
            "name": "lb-target-proxy",
            "project": "mitsui-id-network-defaroyan",
            "proxy_bind": false,
            "proxy_id": 9159633161925678696,
            "self_link": "https://www.googleapis.com/compute/v1/projects/mitsui-id-network-defaroyan/global/targetHttpProxies/lb-target-proxy",
            "timeouts": null,
            "url_map": "https://www.googleapis.com/compute/v1/projects/mitsui-id-network-defaroyan/global/urlMaps/lb-url-map"
          },
          "sensitive_attributes": [],
          "private": "eyJlMmJmYjczMC1lY2FhLTExZTYtOGY4OC0zNDM2M2JjN2M0YzAiOnsiY3JlYXRlIjoxMjAwMDAwMDAwMDAwLCJkZWxldGUiOjEyMDAwMDAwMDAwMDAsInVwZGF0ZSI6MTIwMDAwMDAwMDAwMH19",
          "dependencies": [
            "google_compute_backend_service.lb_backend",
            "google_compute_health_check.ngfw_health_check",
            "google_compute_instance.ngfw_router",
            "google_compute_instance_group.ngfw_instance_group",
            "google_compute_network.internet_id_vpc",
            "google_compute_network.transit_id_vpc",
            "google_compute_subnetwork.subnet_internet_id_vpc",
            "google_compute_subnetwork.subnet_transit_id_vpc",
            "google_compute_url_map.lb_url_map",
            "google_project_service.api_id_net"
          ]
        }
      ]
    },
    {
      "mode": "managed",
      "type": "google_compute_url_map",
      "name": "lb_url_map",
      "provider": "provider[\"registry.terraform.io/hashicorp/google\"].mitsui-id-net",
      "instances": [
        {
          "schema_version": 0,
          "attributes": {
            "creation_timestamp": "2025-03-18T23:47:23.354-07:00",
            "default_route_action": [],
            "default_service": "https://www.googleapis.com/compute/v1/projects/mitsui-id-network-defaroyan/global/backendServices/lb-backend-service",
            "default_url_redirect": [],
            "description": "",
            "fingerprint": "NxLmZHS8iDQ=",
            "header_action": [],
            "host_rule": [],
            "id": "projects/mitsui-id-network-defaroyan/global/urlMaps/lb-url-map",
            "map_id": 1171940215610660500,
            "name": "lb-url-map",
            "path_matcher": [],
            "project": "mitsui-id-network-defaroyan",
            "self_link": "https://www.googleapis.com/compute/v1/projects/mitsui-id-network-defaroyan/global/urlMaps/lb-url-map",
            "test": [],
            "timeouts": null
          },
          "sensitive_attributes": [],
          "private": "eyJlMmJmYjczMC1lY2FhLTExZTYtOGY4OC0zNDM2M2JjN2M0YzAiOnsiY3JlYXRlIjoxMjAwMDAwMDAwMDAwLCJkZWxldGUiOjEyMDAwMDAwMDAwMDAsInVwZGF0ZSI6MTIwMDAwMDAwMDAwMH19",
          "dependencies": [
            "google_compute_backend_service.lb_backend",
            "google_compute_health_check.ngfw_health_check",
            "google_compute_instance.ngfw_router",
            "google_compute_instance_group.ngfw_instance_group",
            "google_compute_network.internet_id_vpc",
            "google_compute_network.transit_id_vpc",
            "google_compute_subnetwork.subnet_internet_id_vpc",
            "google_compute_subnetwork.subnet_transit_id_vpc",
            "google_project_service.api_id_net"
          ]
        }
      ]
    },
    {
      "mode": "managed",
      "type": "google_compute_vpn_gateway",
      "name": "id_vpn_gateway",
      "provider": "provider[\"registry.terraform.io/hashicorp/google\"].mitsui-id-net",
      "instances": [
        {
          "schema_version": 0,
          "attributes": {
            "creation_timestamp": "2025-03-18T23:45:23.191-07:00",
            "description": "",
            "gateway_id": 1783653204781160172,
            "id": "projects/mitsui-id-network-defaroyan/regions/asia-southeast2/targetVpnGateways/id-vpn-gateway",
            "name": "id-vpn-gateway",
            "network": "https://www.googleapis.com/compute/v1/projects/mitsui-id-network-defaroyan/global/networks/transit-id-vpc",
            "project": "mitsui-id-network-defaroyan",
            "region": "asia-southeast2",
            "self_link": "https://www.googleapis.com/compute/v1/projects/mitsui-id-network-defaroyan/regions/asia-southeast2/targetVpnGateways/id-vpn-gateway",
            "timeouts": null
          },
          "sensitive_attributes": [],
          "private": "eyJlMmJmYjczMC1lY2FhLTExZTYtOGY4OC0zNDM2M2JjN2M0YzAiOnsiY3JlYXRlIjoxMjAwMDAwMDAwMDAwLCJkZWxldGUiOjEyMDAwMDAwMDAwMDB9fQ==",
          "dependencies": [
            "google_compute_network.transit_id_vpc",
            "google_project_service.api_id_net"
          ]
        }
      ]
    },
    {
      "mode": "managed",
      "type": "google_compute_vpn_gateway",
      "name": "jp_vpn_gateway",
      "provider": "provider[\"registry.terraform.io/hashicorp/google\"].mitsui-jp-net",
      "instances": [
        {
          "schema_version": 0,
          "attributes": {
            "creation_timestamp": "2025-03-18T23:45:08.241-07:00",
            "description": "",
            "gateway_id": 1145166686567520539,
            "id": "projects/mitsui-jp-network-defaroyan/regions/asia-northeast2/targetVpnGateways/jp-vpn-gateway",
            "name": "jp-vpn-gateway",
            "network": "https://www.googleapis.com/compute/v1/projects/mitsui-jp-network-defaroyan/global/networks/external-jp-vpc",
            "project": "mitsui-jp-network-defaroyan",
            "region": "asia-northeast2",
            "self_link": "https://www.googleapis.com/compute/v1/projects/mitsui-jp-network-defaroyan/regions/asia-northeast2/targetVpnGateways/jp-vpn-gateway",
            "timeouts": null
          },
          "sensitive_attributes": [],
          "private": "eyJlMmJmYjczMC1lY2FhLTExZTYtOGY4OC0zNDM2M2JjN2M0YzAiOnsiY3JlYXRlIjoxMjAwMDAwMDAwMDAwLCJkZWxldGUiOjEyMDAwMDAwMDAwMDB9fQ==",
          "dependencies": [
            "google_compute_network.external_jp_vpc",
            "google_project_service.api_jp_net"
          ]
        }
      ]
    },
    {
      "mode": "managed",
      "type": "google_compute_vpn_tunnel",
      "name": "id_to_jp_tunnel",
      "provider": "provider[\"registry.terraform.io/hashicorp/google\"].mitsui-id-net",
      "instances": [
        {
          "schema_version": 0,
          "attributes": {
            "creation_timestamp": "2025-03-18T23:46:17.678-07:00",
            "description": "",
            "detailed_status": "Tunnel is up and running.",
            "effective_labels": {
              "goog-terraform-provisioned": "true"
            },
            "id": "projects/mitsui-id-network-defaroyan/regions/asia-southeast2/vpnTunnels/id-to-jp-tunnel",
            "ike_version": 2,
            "label_fingerprint": "vezUS-42LLM=",
            "labels": null,
            "local_traffic_selector": [
              "10.10.2.0/24"
            ],
            "name": "id-to-jp-tunnel",
            "peer_external_gateway": "",
            "peer_external_gateway_interface": 0,
            "peer_gcp_gateway": "",
            "peer_ip": "34.97.255.238",
            "project": "mitsui-id-network-defaroyan",
            "region": "asia-southeast2",
            "remote_traffic_selector": [
              "10.10.21.0/24"
            ],
            "router": "",
            "self_link": "https://www.googleapis.com/compute/v1/projects/mitsui-id-network-defaroyan/regions/asia-southeast2/vpnTunnels/id-to-jp-tunnel",
            "shared_secret": "your-shared-secret",
            "shared_secret_hash": "H0K14ieE0ejVs5krEhPPdFCsxAfo",
            "target_vpn_gateway": "https://www.googleapis.com/compute/v1/projects/mitsui-id-network-defaroyan/regions/asia-southeast2/targetVpnGateways/id-vpn-gateway",
            "terraform_labels": {
              "goog-terraform-provisioned": "true"
            },
            "timeouts": null,
            "tunnel_id": "8578777730365511382",
            "vpn_gateway": "",
            "vpn_gateway_interface": 0
          },
          "sensitive_attributes": [
            [
              {
                "type": "get_attr",
                "value": "shared_secret"
              }
            ]
          ],
          "private": "eyJlMmJmYjczMC1lY2FhLTExZTYtOGY4OC0zNDM2M2JjN2M0YzAiOnsiY3JlYXRlIjoxMjAwMDAwMDAwMDAwLCJkZWxldGUiOjEyMDAwMDAwMDAwMDAsInVwZGF0ZSI6MTIwMDAwMDAwMDAwMH19",
          "dependencies": [
            "google_compute_address.id_vpn_static_ip",
            "google_compute_address.jp_vpn_static_ip",
            "google_compute_forwarding_rule.id_esp_rule",
            "google_compute_forwarding_rule.id_udp_4500_rule",
            "google_compute_forwarding_rule.id_udp_500_rule",
            "google_compute_network.transit_id_vpc",
            "google_compute_vpn_gateway.id_vpn_gateway",
            "google_project_service.api_id_net"
          ]
        }
      ]
    },
    {
      "mode": "managed",
      "type": "google_compute_vpn_tunnel",
      "name": "jp_to_id_tunnel",
      "provider": "provider[\"registry.terraform.io/hashicorp/google\"].mitsui-jp-net",
      "instances": [
        {
          "schema_version": 0,
          "attributes": {
            "creation_timestamp": "2025-03-18T23:46:17.030-07:00",
            "description": "",
            "detailed_status": "Tunnel is up and running.",
            "effective_labels": {
              "goog-terraform-provisioned": "true"
            },
            "id": "projects/mitsui-jp-network-defaroyan/regions/asia-northeast2/vpnTunnels/jp-to-id-tunnel",
            "ike_version": 2,
            "label_fingerprint": "vezUS-42LLM=",
            "labels": null,
            "local_traffic_selector": [
              "10.10.21.0/24"
            ],
            "name": "jp-to-id-tunnel",
            "peer_external_gateway": "",
            "peer_external_gateway_interface": 0,
            "peer_gcp_gateway": "",
            "peer_ip": "34.128.102.229",
            "project": "mitsui-jp-network-defaroyan",
            "region": "asia-northeast2",
            "remote_traffic_selector": [
              "10.10.2.0/24"
            ],
            "router": "",
            "self_link": "https://www.googleapis.com/compute/v1/projects/mitsui-jp-network-defaroyan/regions/asia-northeast2/vpnTunnels/jp-to-id-tunnel",
            "shared_secret": "your-shared-secret",
            "shared_secret_hash": "4LO4tWnylvv0RpM77G4W2Gh6IIp5",
            "target_vpn_gateway": "https://www.googleapis.com/compute/v1/projects/mitsui-jp-network-defaroyan/regions/asia-northeast2/targetVpnGateways/jp-vpn-gateway",
            "terraform_labels": {
              "goog-terraform-provisioned": "true"
            },
            "timeouts": null,
            "tunnel_id": "5330741337337091798",
            "vpn_gateway": "",
            "vpn_gateway_interface": 0
          },
          "sensitive_attributes": [
            [
              {
                "type": "get_attr",
                "value": "shared_secret"
              }
            ]
          ],
          "private": "eyJlMmJmYjczMC1lY2FhLTExZTYtOGY4OC0zNDM2M2JjN2M0YzAiOnsiY3JlYXRlIjoxMjAwMDAwMDAwMDAwLCJkZWxldGUiOjEyMDAwMDAwMDAwMDAsInVwZGF0ZSI6MTIwMDAwMDAwMDAwMH19",
          "dependencies": [
            "google_compute_address.id_vpn_static_ip",
            "google_compute_address.jp_vpn_static_ip",
            "google_compute_forwarding_rule.jp_esp_rule",
            "google_compute_forwarding_rule.jp_udp_4500_rule",
            "google_compute_forwarding_rule.jp_udp_500_rule",
            "google_compute_network.external_jp_vpc",
            "google_compute_vpn_gateway.jp_vpn_gateway",
            "google_project_service.api_jp_net"
          ]
        }
      ]
    },
    {
      "mode": "managed",
      "type": "google_container_cluster",
      "name": "private_cluster",
      "provider": "provider[\"registry.terraform.io/hashicorp/google-beta\"].mitsui-id-core",
      "instances": [
        {
          "schema_version": 2,
          "attributes": {
            "addons_config": [
              {
                "cloudrun_config": [],
                "config_connector_config": [],
                "dns_cache_config": [],
                "gce_persistent_disk_csi_driver_config": [
                  {
                    "enabled": true
                  }
                ],
                "gcp_filestore_csi_driver_config": [],
                "gcs_fuse_csi_driver_config": [],
                "gke_backup_agent_config": [],
                "horizontal_pod_autoscaling": [],
                "http_load_balancing": [],
                "istio_config": [],
                "kalm_config": [],
                "network_policy_config": [
                  {
                    "disabled": true
                  }
                ],
                "parallelstore_csi_driver_config": [],
                "ray_operator_config": [],
                "stateful_ha_config": []
              }
            ],
            "allow_net_admin": null,
            "authenticator_groups_config": [],
            "binary_authorization": [
              {
                "enabled": false,
                "evaluation_mode": ""
              }
            ],
            "cluster_autoscaling": [
              {
                "auto_provisioning_defaults": [],
                "auto_provisioning_locations": [],
                "autoscaling_profile": "BALANCED",
                "enabled": false,
                "resource_limits": []
              }
            ],
            "cluster_ipv4_cidr": "10.84.0.0/14",
            "cluster_telemetry": [
              {
                "type": "ENABLED"
              }
            ],
            "confidential_nodes": [],
            "control_plane_endpoints_config": [
              {
                "dns_endpoint_config": [
                  {
                    "allow_external_traffic": false,
                    "endpoint": "gke-9eb5962450734c6f909af2ad6f3d9b2ae98e-667673382173.asia-southeast2.gke.goog"
                  }
                ]
              }
            ],
            "cost_management_config": [],
            "database_encryption": [
              {
                "key_name": "",
                "state": "DECRYPTED"
              }
            ],
            "datapath_provider": "",
            "default_max_pods_per_node": 110,
            "default_snat_status": [
              {
                "disabled": false
              }
            ],
            "deletion_protection": false,
            "description": "",
            "dns_config": [],
            "effective_labels": {
              "goog-terraform-provisioned": "true"
            },
            "enable_autopilot": false,
            "enable_cilium_clusterwide_network_policy": false,
            "enable_fqdn_network_policy": false,
            "enable_intranode_visibility": false,
            "enable_k8s_beta_apis": [],
            "enable_kubernetes_alpha": false,
            "enable_l4_ilb_subsetting": false,
            "enable_legacy_abac": false,
            "enable_multi_networking": false,
            "enable_shielded_nodes": true,
            "enable_tpu": false,
            "endpoint": "172.16.0.2",
            "enterprise_config": [
              {
                "cluster_tier": "STANDARD",
                "desired_tier": ""
              }
            ],
            "fleet": [],
            "gateway_api_config": [],
            "id": "projects/mitsui-id-core-defaroyan/locations/asia-southeast2/clusters/private-cluster",
            "identity_service_config": [],
            "initial_node_count": 1,
            "ip_allocation_policy": [
              {
                "additional_pod_ranges_config": [],
                "cluster_ipv4_cidr_block": "10.84.0.0/14",
                "cluster_secondary_range_name": "gke-private-cluster-pods-9eb59624",
                "pod_cidr_overprovision_config": [
                  {
                    "disabled": false
                  }
                ],
                "services_ipv4_cidr_block": "34.118.224.0/20",
                "services_secondary_range_name": "",
                "stack_type": "IPV4"
              }
            ],
            "label_fingerprint": "78cdf2f6",
            "location": "asia-southeast2",
            "logging_config": [
              {
                "enable_components": [
                  "SYSTEM_COMPONENTS",
                  "WORKLOADS"
                ]
              }
            ],
            "logging_service": "logging.googleapis.com/kubernetes",
            "maintenance_policy": [],
            "master_auth": [
              {
                "client_certificate": "",
                "client_certificate_config": [
                  {
                    "issue_client_certificate": false
                  }
                ],
                "client_key": "",
                "cluster_ca_certificate": "LS0tLS1CRUdJTiBDRVJUSUZJQ0FURS0tLS0tCk1JSUVMVENDQXBXZ0F3SUJBZ0lSQU1sNzlzWHg3c2JtbXVkdkdkcnplaXN3RFFZSktvWklodmNOQVFFTEJRQXcKTHpFdE1Dc0dBMVVFQXhNa05UZGtaREEwTlRjdE5HTmhOQzAwTWpjMkxXRm1Oakl0TVdVd1lXTXlNR0l3TlRZeQpNQ0FYRFRJMU1ETXhPVEExTkRZd00xb1lEekl3TlRVd016RXlNRFkwTmpBeldqQXZNUzB3S3dZRFZRUURFeVExCk4yUmtNRFExTnkwMFkyRTBMVFF5TnpZdFlXWTJNaTB4WlRCaFl6SXdZakExTmpJd2dnR2lNQTBHQ1NxR1NJYjMKRFFFQkFRVUFBNElCandBd2dnR0tBb0lCZ1FDNEVDVlN4RVRpZUlxaXRFZnlPMlR4TlNpV1N4VjRtdUlYZ1ZTVgp2aTZ5Y2pNa2IzM2FlRjAyaTNrc09kU1BXSzFXSUpCeWNuZDQvcnl0QTMyRHpsc01WY01iTmhoYUxuRVR2V3JkCmNjSDFvT1R3SXh2anVkbE1NWGJTcEV3VlNVRVIyZlUxZDJKQTdxOXJWV1BvNEZtVnBuNWU3cm5kSnVkSDh5NlMKZG5qQWVQTFJZdktlSWJrcDZEVy9XeUhZYUZ3MFBJT2dlbk5vdG5xUGFqUm9aRm9xUlI0MXVOS213WUh0R0xEbAp6cUQrd3VlV2FsZ2tvNTYzRzhSRUsvNmNIajcyNnJ6bkt2dDlSVlg4emNvZTI3RTFScEM3VVRJMG5BWkNFanc5ClBzcG1XUE9RM1N5NWt0dUtsVjFiSUsvRjRDZHMxOGpRYzBTMnFZSWVBSnRicTNCcHpobnJJbi9WaFBZUnR1K2UKZEFuOWEzYUtKQTdpUzJURVdJQXRXc0xHWjdyd1hyanBsUzlJWTBjZE9LakROV0VZQmF1cDd4Q3ZNRGoyaGc2Nwo3T1hjZzVkQ1BaTXZ5aDIwOG5RY2lhZkhkWUJ4T0RnZnFhMmo5WSsxVEN1L1dzNGEwNVZwdDNKTnNjWE9hSTRPCmdXb2VzVWdFSDl0VTdyaFpQeTB4RmM2MU01TUNBd0VBQWFOQ01FQXdEZ1lEVlIwUEFRSC9CQVFEQWdJRU1BOEcKQTFVZEV3RUIvd1FGTUFNQkFmOHdIUVlEVlIwT0JCWUVGT3owT21iS01aZHRhWFpSQzNOSkZQc3BMVFVhTUEwRwpDU3FHU0liM0RRRUJDd1VBQTRJQmdRQjJ4THY2Z29CY0EzM3JmWnBhbkJWWjQ5SnQwdkV5NmRWdXdsUnJaUWV0CkVoUFJDSHNTczlDZ3BFMi93WE5BVklENFBUQXFNQUFvMGdibG95OGpvTlZMdmFaV3BXU0JMbVBORkhKMDdFRjEKWG5kT1ZXZUlOVW9iQ2JGRDNVLzJsM3UwM21QcmxNZlRSK3VtNVR6WUxoUkYrV2V6QkpRWGRMU1BUL3FJcFhSSQpHNi9PbzZucE52a2tseVk1dTRMbWkxcU1OeCtRQXdBYWd3UjNRNTl5VzhHTGwvdTNyN1lXOXM4MDVmR20yNUhtCmM2Nmw0OEsrM2FQYXZka0paUGhqVENkK2FCbjkzbWs0YVJ0VnQ4MGVvNW9rRkJiMjJZQ2xtZHhIaC9tSWJKZGUKbERWdXhibGtKUVhMa1hhWEhpRTVKYzRuM2x5WW1SbXU4eU5qejV4WUNXcTE0SVI4eW4vaTd5SC9CcUVOS3paMgpMRWM0NFNjRy9uUWZoR3NKWC8vWFhpQTlud0R4ZGN2c2MveEowWkRZMVBYYlNHK2pDZk1hTnk4eGwzTzF2TlJCClJ1WWxvaEZjMXJRNW04TDQ2azJIbVU3cjE3QUs3L3o4eWRVTHJpc0lJUDlDT2gwU1RzcDNhbTRHM21DbVNheFcKR0RUQ2Exd05WOS9pRnplVlpxUFM2N2s9Ci0tLS0tRU5EIENFUlRJRklDQVRFLS0tLS0K"
              }
            ],
            "master_authorized_networks_config": [
              {
                "cidr_blocks": [
                  {
                    "cidr_block": "10.0.0.0/8",
                    "display_name": "temp-access"
                  }
                ],
                "gcp_public_cidrs_access_enabled": false,
                "private_endpoint_enforcement_enabled": true
              }
            ],
            "master_version": "1.31.6-gke.1020000",
            "mesh_certificates": [],
            "min_master_version": null,
            "monitoring_config": [
              {
                "advanced_datapath_observability_config": [
                  {
                    "enable_metrics": false,
                    "enable_relay": false
                  }
                ],
                "enable_components": [
                  "SYSTEM_COMPONENTS",
                  "STORAGE",
                  "HPA",
                  "POD",
                  "DAEMONSET",
                  "DEPLOYMENT",
                  "STATEFULSET",
                  "CADVISOR",
                  "KUBELET"
                ],
                "managed_prometheus": [
                  {
                    "auto_monitoring_config": [],
                    "enabled": true
                  }
                ]
              }
            ],
            "monitoring_service": "monitoring.googleapis.com/kubernetes",
            "name": "private-cluster",
            "network": "projects/mitsui-id-core-defaroyan/global/networks/prod-vpc",
            "network_policy": [
              {
                "enabled": false,
                "provider": "PROVIDER_UNSPECIFIED"
              }
            ],
            "networking_mode": "VPC_NATIVE",
            "node_config": [],
            "node_locations": [
              "asia-southeast2-a",
              "asia-southeast2-b",
              "asia-southeast2-c"
            ],
            "node_pool": [],
            "node_pool_auto_config": [],
            "node_pool_defaults": [
              {
                "node_config_defaults": [
                  {
                    "containerd_config": [],
                    "gcfs_config": [],
                    "insecure_kubelet_readonly_port_enabled": "FALSE",
                    "logging_variant": "DEFAULT"
                  }
                ]
              }
            ],
            "node_version": "1.31.6-gke.1020000",
            "notification_config": [
              {
                "pubsub": [
                  {
                    "enabled": false,
                    "filter": [],
                    "topic": ""
                  }
                ]
              }
            ],
            "operation": null,
            "pod_security_policy_config": [
              {
                "enabled": false
              }
            ],
            "private_cluster_config": [
              {
                "enable_private_endpoint": true,
                "enable_private_nodes": true,
                "master_global_access_config": [
                  {
                    "enabled": false
                  }
                ],
                "master_ipv4_cidr_block": "172.16.0.0/28",
                "peering_name": "",
                "private_endpoint": "172.16.0.2",
                "private_endpoint_subnetwork": "projects/mitsui-id-core-defaroyan/regions/asia-southeast2/subnetworks/gke-private-cluster-99f16843-pe-subnet",
                "public_endpoint": ""
              }
            ],
            "private_ipv6_google_access": "",
            "project": "mitsui-id-core-defaroyan",
            "protect_config": [
              {
                "workload_config": [
                  {
                    "audit_mode": "BASIC"
                  }
                ],
                "workload_vulnerability_mode": "WORKLOAD_VULNERABILITY_MODE_UNSPECIFIED"
              }
            ],
            "release_channel": [
              {
                "channel": "REGULAR"
              }
            ],
            "remove_default_node_pool": true,
            "resource_labels": null,
            "resource_usage_export_config": [],
            "secret_manager_config": [
              {
                "enabled": false
              }
            ],
            "security_posture_config": [
              {
                "mode": "BASIC",
                "vulnerability_mode": "VULNERABILITY_MODE_UNSPECIFIED"
              }
            ],
            "self_link": "https://container.googleapis.com/v1beta1/projects/mitsui-id-core-defaroyan/locations/asia-southeast2/clusters/private-cluster",
            "service_external_ips_config": [
              {
                "enabled": false
              }
            ],
            "services_ipv4_cidr": "34.118.224.0/20",
            "subnetwork": "projects/mitsui-id-core-defaroyan/regions/asia-southeast2/subnetworks/subnet-prod-vpc",
            "terraform_labels": {
              "goog-terraform-provisioned": "true"
            },
            "timeouts": null,
            "tpu_config": null,
            "tpu_ipv4_cidr_block": "",
            "user_managed_keys_config": [],
            "vertical_pod_autoscaling": [],
            "workload_alts_config": [],
            "workload_identity_config": []
          },
          "sensitive_attributes": [
            [
              {
                "type": "get_attr",
                "value": "master_auth"
              },
              {
                "type": "index",
                "value": {
                  "value": 0,
                  "type": "number"
                }
              },
              {
                "type": "get_attr",
                "value": "client_key"
              }
            ]
          ],
          "private": "eyJlMmJmYjczMC1lY2FhLTExZTYtOGY4OC0zNDM2M2JjN2M0YzAiOnsiY3JlYXRlIjoyNDAwMDAwMDAwMDAwLCJkZWxldGUiOjI0MDAwMDAwMDAwMDAsInJlYWQiOjI0MDAwMDAwMDAwMDAsInVwZGF0ZSI6MzYwMDAwMDAwMDAwMH0sInNjaGVtYV92ZXJzaW9uIjoiMiJ9",
          "dependencies": [
            "google_compute_network.prod_vpc",
            "google_compute_subnetwork.subnet_prod_vpc",
            "google_project_service.api_id_core"
          ]
        }
      ]
    },
    {
      "mode": "managed",
      "type": "google_container_node_pool",
      "name": "primary_nodes",
      "provider": "provider[\"registry.terraform.io/hashicorp/google-beta\"].mitsui-id-core",
      "instances": [
        {
          "schema_version": 1,
          "attributes": {
            "autoscaling": [],
            "cluster": "private-cluster",
            "id": "projects/mitsui-id-core-defaroyan/locations/asia-southeast2/clusters/private-cluster/nodePools/primary-node-pool",
            "initial_node_count": 2,
            "instance_group_urls": [
              "https://www.googleapis.com/compute/v1/projects/mitsui-id-core-defaroyan/zones/asia-southeast2-c/instanceGroupManagers/gke-private-cluster-primary-node-pool-4802e020-grp",
              "https://www.googleapis.com/compute/v1/projects/mitsui-id-core-defaroyan/zones/asia-southeast2-b/instanceGroupManagers/gke-private-cluster-primary-node-pool-0d065c01-grp",
              "https://www.googleapis.com/compute/v1/projects/mitsui-id-core-defaroyan/zones/asia-southeast2-a/instanceGroupManagers/gke-private-cluster-primary-node-pool-f75167a8-grp"
            ],
            "location": "asia-southeast2",
            "managed_instance_group_urls": [
              "https://www.googleapis.com/compute/beta/projects/mitsui-id-core-defaroyan/zones/asia-southeast2-c/instanceGroups/gke-private-cluster-primary-node-pool-4802e020-grp",
              "https://www.googleapis.com/compute/beta/projects/mitsui-id-core-defaroyan/zones/asia-southeast2-b/instanceGroups/gke-private-cluster-primary-node-pool-0d065c01-grp",
              "https://www.googleapis.com/compute/beta/projects/mitsui-id-core-defaroyan/zones/asia-southeast2-a/instanceGroups/gke-private-cluster-primary-node-pool-f75167a8-grp"
            ],
            "management": [
              {
                "auto_repair": true,
                "auto_upgrade": true
              }
            ],
            "max_pods_per_node": 110,
            "name": "primary-node-pool",
            "name_prefix": "",
            "network_config": [
              {
                "additional_node_network_configs": [],
                "additional_pod_network_configs": [],
                "create_pod_range": false,
                "enable_private_nodes": true,
                "network_performance_config": [],
                "pod_cidr_overprovision_config": [],
                "pod_ipv4_cidr_block": "10.84.0.0/14",
                "pod_range": "gke-private-cluster-pods-9eb59624"
              }
            ],
            "node_config": [
              {
                "advanced_machine_features": [],
                "boot_disk_kms_key": "",
                "confidential_nodes": [],
                "containerd_config": [],
                "disk_size_gb": 50,
                "disk_type": "pd-balanced",
                "effective_taints": [],
                "enable_confidential_storage": false,
                "ephemeral_storage_config": [],
                "ephemeral_storage_local_ssd_config": [],
                "fast_socket": [],
                "gcfs_config": [],
                "guest_accelerator": [],
                "gvnic": [],
                "host_maintenance_policy": [],
                "image_type": "COS_CONTAINERD",
                "kubelet_config": [
                  {
                    "allowed_unsafe_sysctls": [],
                    "container_log_max_files": 0,
                    "container_log_max_size": "",
                    "cpu_cfs_quota": false,
                    "cpu_cfs_quota_period": "",
                    "cpu_manager_policy": "",
                    "image_gc_high_threshold_percent": 0,
                    "image_gc_low_threshold_percent": 0,
                    "image_maximum_gc_age": "",
                    "image_minimum_gc_age": "",
                    "insecure_kubelet_readonly_port_enabled": "TRUE",
                    "pod_pids_limit": 0
                  }
                ],
                "labels": {},
                "linux_node_config": [],
                "local_nvme_ssd_block_config": [],
                "local_ssd_count": 0,
                "local_ssd_encryption_mode": "",
                "logging_variant": "DEFAULT",
                "machine_type": "e2-micro",
                "max_run_duration": "",
                "metadata": {
                  "disable-legacy-endpoints": "true"
                },
                "min_cpu_platform": "",
                "node_group": "",
                "oauth_scopes": [
                  "https://www.googleapis.com/auth/cloud-platform"
                ],
                "preemptible": false,
                "reservation_affinity": [],
                "resource_labels": {
                  "goog-gke-node-pool-provisioning-model": "on-demand"
                },
                "resource_manager_tags": null,
                "sandbox_config": [],
                "secondary_boot_disks": [],
                "service_account": "default",
                "shielded_instance_config": [
                  {
                    "enable_integrity_monitoring": true,
                    "enable_secure_boot": false
                  }
                ],
                "sole_tenant_config": [],
                "spot": false,
                "storage_pools": null,
                "tags": [
                  "gke-node"
                ],
                "taint": [],
                "workload_metadata_config": []
              }
            ],
            "node_count": 2,
            "node_locations": [
              "asia-southeast2-a",
              "asia-southeast2-b",
              "asia-southeast2-c"
            ],
            "operation": null,
            "placement_policy": [],
            "project": "mitsui-id-core-defaroyan",
            "queued_provisioning": [],
            "timeouts": null,
            "upgrade_settings": [
              {
                "blue_green_settings": [],
                "max_surge": 1,
                "max_unavailable": 0,
                "strategy": "SURGE"
              }
            ],
            "version": "1.31.6-gke.1020000"
          },
          "sensitive_attributes": [],
          "private": "eyJlMmJmYjczMC1lY2FhLTExZTYtOGY4OC0zNDM2M2JjN2M0YzAiOnsiY3JlYXRlIjoxODAwMDAwMDAwMDAwLCJkZWxldGUiOjE4MDAwMDAwMDAwMDAsInVwZGF0ZSI6MTgwMDAwMDAwMDAwMH0sInNjaGVtYV92ZXJzaW9uIjoiMSJ9",
          "dependencies": [
            "google_compute_network.prod_vpc",
            "google_compute_subnetwork.subnet_prod_vpc",
            "google_container_cluster.private_cluster",
            "google_project_service.api_id_core"
          ]
        }
      ]
    },
    {
      "mode": "managed",
      "type": "google_project_service",
      "name": "api_id_core",
      "provider": "provider[\"registry.terraform.io/hashicorp/google\"].mitsui-id-core",
      "instances": [
        {
          "index_key": "cloudresourcemanager.googleapis.com",
          "schema_version": 0,
          "attributes": {
            "disable_dependent_services": null,
            "disable_on_destroy": false,
            "id": "mitsui-id-core-defaroyan/cloudresourcemanager.googleapis.com",
            "project": "mitsui-id-core-defaroyan",
            "service": "cloudresourcemanager.googleapis.com",
            "timeouts": null
          },
          "sensitive_attributes": [],
          "private": "eyJlMmJmYjczMC1lY2FhLTExZTYtOGY4OC0zNDM2M2JjN2M0YzAiOnsiY3JlYXRlIjoxMjAwMDAwMDAwMDAwLCJkZWxldGUiOjEyMDAwMDAwMDAwMDAsInJlYWQiOjYwMDAwMDAwMDAwMCwidXBkYXRlIjoxMjAwMDAwMDAwMDAwfX0="
        },
        {
          "index_key": "compute.googleapis.com",
          "schema_version": 0,
          "attributes": {
            "disable_dependent_services": null,
            "disable_on_destroy": false,
            "id": "mitsui-id-core-defaroyan/compute.googleapis.com",
            "project": "mitsui-id-core-defaroyan",
            "service": "compute.googleapis.com",
            "timeouts": null
          },
          "sensitive_attributes": [],
          "private": "eyJlMmJmYjczMC1lY2FhLTExZTYtOGY4OC0zNDM2M2JjN2M0YzAiOnsiY3JlYXRlIjoxMjAwMDAwMDAwMDAwLCJkZWxldGUiOjEyMDAwMDAwMDAwMDAsInJlYWQiOjYwMDAwMDAwMDAwMCwidXBkYXRlIjoxMjAwMDAwMDAwMDAwfX0="
        }
      ]
    },
    {
      "mode": "managed",
      "type": "google_project_service",
      "name": "api_id_net",
      "provider": "provider[\"registry.terraform.io/hashicorp/google\"].mitsui-id-net",
      "instances": [
        {
          "index_key": "cloudresourcemanager.googleapis.com",
          "schema_version": 0,
          "attributes": {
            "disable_dependent_services": null,
            "disable_on_destroy": false,
            "id": "mitsui-id-network-defaroyan/cloudresourcemanager.googleapis.com",
            "project": "mitsui-id-network-defaroyan",
            "service": "cloudresourcemanager.googleapis.com",
            "timeouts": null
          },
          "sensitive_attributes": [],
          "private": "eyJlMmJmYjczMC1lY2FhLTExZTYtOGY4OC0zNDM2M2JjN2M0YzAiOnsiY3JlYXRlIjoxMjAwMDAwMDAwMDAwLCJkZWxldGUiOjEyMDAwMDAwMDAwMDAsInJlYWQiOjYwMDAwMDAwMDAwMCwidXBkYXRlIjoxMjAwMDAwMDAwMDAwfX0="
        },
        {
          "index_key": "compute.googleapis.com",
          "schema_version": 0,
          "attributes": {
            "disable_dependent_services": null,
            "disable_on_destroy": false,
            "id": "mitsui-id-network-defaroyan/compute.googleapis.com",
            "project": "mitsui-id-network-defaroyan",
            "service": "compute.googleapis.com",
            "timeouts": null
          },
          "sensitive_attributes": [],
          "private": "eyJlMmJmYjczMC1lY2FhLTExZTYtOGY4OC0zNDM2M2JjN2M0YzAiOnsiY3JlYXRlIjoxMjAwMDAwMDAwMDAwLCJkZWxldGUiOjEyMDAwMDAwMDAwMDAsInJlYWQiOjYwMDAwMDAwMDAwMCwidXBkYXRlIjoxMjAwMDAwMDAwMDAwfX0="
        }
      ]
    },
    {
      "mode": "managed",
      "type": "google_project_service",
      "name": "api_jp_net",
      "provider": "provider[\"registry.terraform.io/hashicorp/google\"].mitsui-jp-net",
      "instances": [
        {
          "index_key": "cloudresourcemanager.googleapis.com",
          "schema_version": 0,
          "attributes": {
            "disable_dependent_services": null,
            "disable_on_destroy": false,
            "id": "mitsui-jp-network-defaroyan/cloudresourcemanager.googleapis.com",
            "project": "mitsui-jp-network-defaroyan",
            "service": "cloudresourcemanager.googleapis.com",
            "timeouts": null
          },
          "sensitive_attributes": [],
          "private": "eyJlMmJmYjczMC1lY2FhLTExZTYtOGY4OC0zNDM2M2JjN2M0YzAiOnsiY3JlYXRlIjoxMjAwMDAwMDAwMDAwLCJkZWxldGUiOjEyMDAwMDAwMDAwMDAsInJlYWQiOjYwMDAwMDAwMDAwMCwidXBkYXRlIjoxMjAwMDAwMDAwMDAwfX0="
        },
        {
          "index_key": "compute.googleapis.com",
          "schema_version": 0,
          "attributes": {
            "disable_dependent_services": null,
            "disable_on_destroy": false,
            "id": "mitsui-jp-network-defaroyan/compute.googleapis.com",
            "project": "mitsui-jp-network-defaroyan",
            "service": "compute.googleapis.com",
            "timeouts": null
          },
          "sensitive_attributes": [],
          "private": "eyJlMmJmYjczMC1lY2FhLTExZTYtOGY4OC0zNDM2M2JjN2M0YzAiOnsiY3JlYXRlIjoxMjAwMDAwMDAwMDAwLCJkZWxldGUiOjEyMDAwMDAwMDAwMDAsInJlYWQiOjYwMDAwMDAwMDAwMCwidXBkYXRlIjoxMjAwMDAwMDAwMDAwfX0="
        }
      ]
    },
    {
      "mode": "managed",
      "type": "google_sql_database",
      "name": "om_db",
      "provider": "provider[\"registry.terraform.io/hashicorp/google\"].mitsui-jp-net",
      "instances": [
        {
          "schema_version": 0,
          "attributes": {
            "charset": "UTF8",
            "collation": "en_US.UTF8",
            "deletion_policy": "DELETE",
            "id": "projects/mitsui-jp-network-defaroyan/instances/jp-cloudsql-postgres/databases/openmetadata",
            "instance": "jp-cloudsql-postgres",
            "name": "openmetadata",
            "project": "mitsui-jp-network-defaroyan",
            "self_link": "https://sqladmin.googleapis.com/sql/v1beta4/projects/mitsui-jp-network-defaroyan/instances/jp-cloudsql-postgres/databases/openmetadata",
            "timeouts": null
          },
          "sensitive_attributes": [],
          "private": "eyJlMmJmYjczMC1lY2FhLTExZTYtOGY4OC0zNDM2M2JjN2M0YzAiOnsiY3JlYXRlIjoxMjAwMDAwMDAwMDAwLCJkZWxldGUiOjEyMDAwMDAwMDAwMDAsInVwZGF0ZSI6MTIwMDAwMDAwMDAwMH19",
          "dependencies": [
            "google_sql_database_instance.postgres_instance"
          ]
        }
      ]
    },
    {
      "mode": "managed",
      "type": "google_sql_database_instance",
      "name": "postgres_instance",
      "provider": "provider[\"registry.terraform.io/hashicorp/google\"].mitsui-jp-net",
      "instances": [
        {
          "schema_version": 0,
          "attributes": {
            "available_maintenance_versions": [],
            "clone": [],
            "connection_name": "mitsui-jp-network-defaroyan:asia-northeast2:jp-cloudsql-postgres",
            "database_version": "POSTGRES_16",
            "deletion_protection": false,
            "dns_name": "",
            "encryption_key_name": null,
            "first_ip_address": "34.97.52.149",
            "id": "jp-cloudsql-postgres",
            "instance_type": "CLOUD_SQL_INSTANCE",
            "ip_address": [
              {
                "ip_address": "34.97.52.149",
                "time_to_retire": "",
                "type": "PRIMARY"
              },
              {
                "ip_address": "34.97.23.103",
                "time_to_retire": "",
                "type": "OUTGOING"
              }
            ],
            "maintenance_version": "POSTGRES_16_8.R20250302.00_04",
            "master_instance_name": "",
            "name": "jp-cloudsql-postgres",
            "private_ip_address": "",
            "project": "mitsui-jp-network-defaroyan",
            "psc_service_attachment_link": "",
            "public_ip_address": "34.97.52.149",
            "region": "asia-northeast2",
            "replica_configuration": [],
            "replica_names": [],
            "replication_cluster": [
              {
                "dr_replica": false,
                "failover_dr_replica_name": ""
              }
            ],
            "restore_backup_context": [],
            "root_password": "abcABC123!",
            "self_link": "https://sqladmin.googleapis.com/sql/v1beta4/projects/mitsui-jp-network-defaroyan/instances/jp-cloudsql-postgres",
            "server_ca_cert": [
              {
                "cert": "-----BEGIN CERTIFICATE-----\nMIIDfzCCAmegAwIBAgIBADANBgkqhkiG9w0BAQsFADB3MS0wKwYDVQQuEyQ5YmI2\nMzNmMi1jMWY4LTQ0NDgtYjgyZi02ODEzZTI3Y2RlYjAxIzAhBgNVBAMTGkdvb2ds\nZSBDbG91ZCBTUUwgU2VydmVyIENBMRQwEgYDVQQKEwtHb29nbGUsIEluYzELMAkG\nA1UEBhMCVVMwHhcNMjUwMzE5MDY0NDI5WhcNMzUwMzE3MDY0NTI5WjB3MS0wKwYD\nVQQuEyQ5YmI2MzNmMi1jMWY4LTQ0NDgtYjgyZi02ODEzZTI3Y2RlYjAxIzAhBgNV\nBAMTGkdvb2dsZSBDbG91ZCBTUUwgU2VydmVyIENBMRQwEgYDVQQKEwtHb29nbGUs\nIEluYzELMAkGA1UEBhMCVVMwggEiMA0GCSqGSIb3DQEBAQUAA4IBDwAwggEKAoIB\nAQC3/9/TN0h6FHYAv9ai212v8+iP1bVsMW2+c10Yjoo/0+IogDqy9n1YEXpPxL7Q\n0hGVlqL1DgFGQTfHcTWug/9904p8lBJ+19AnvI6U0QGpmM3gpy+cPF1EmO+hnRzZ\nEy26SyZRLQ9+z9GNHoLPGhjeSRK+pr1VeZ3rEdNKg/IKTXQtUxKKmqkUkGCN4ccF\n/faa6I0ADwzmRhaLaaALeoyL1xpNfJ//gD+c8zy1Ksl8RVx8rkfCRNAXhd21RDLY\nwVRzT4zuY6OuSP7dy3wsYmCqrt7R/wMSJL+wPzgWKrB/KGPPBv3w4hIrURI+IKUi\nHWgAPYF7l/Ky/UzjTWzbyRJdAgMBAAGjFjAUMBIGA1UdEwEB/wQIMAYBAf8CAQAw\nDQYJKoZIhvcNAQELBQADggEBAFjrFNqVGqkLJJdKyAs+NVbCKyE+OJvK8VUrL3uY\nANv6vHxGlQ9XnrTChbViX1KDVgGwAortdwi6BlfxI6KTVznu0qwdtioA5iXG0xsk\nsuK6HQOEr9BXF0U5VrP112JubOyBiGBzBTlTGSX50oO6Vqziq/crYdvGn0iathc8\n0gveFJ1H7GVdrmCRzTNujbVQqZoYmMh9Q/20Z1ZC/m+6GAEvkQirDZiuVkaFYbp8\nX5gCfRVax2LPAs9wSXEeqTRS6j/NB8jEUdFR/1QctmveqcsfwgnjazFFRXoFJe5p\n8wGInjdenUWqXlwQNZmIAkRV7kTfqNdgG8HAqezxkDGeknc=\n-----END CERTIFICATE-----",
                "common_name": "C=US,O=Google\\, Inc,CN=Google Cloud SQL Server CA,dnQualifier=9bb633f2-c1f8-4448-b82f-6813e27cdeb0",
                "create_time": "2025-03-19T06:44:29.263Z",
                "expiration_time": "2035-03-17T06:45:29.263Z",
                "sha1_fingerprint": "c8f1172ef6def66df0759b449474f3a3f0f4bd15"
              }
            ],
            "service_account_email_address": "p485749992734-4qwj7r@gcp-sa-cloud-sql.iam.gserviceaccount.com",
            "settings": [
              {
                "activation_policy": "ALWAYS",
                "active_directory_config": [],
                "advanced_machine_features": [],
                "availability_type": "ZONAL",
                "backup_configuration": [
                  {
                    "backup_retention_settings": [
                      {
                        "retained_backups": 7,
                        "retention_unit": "COUNT"
                      }
                    ],
                    "binary_log_enabled": false,
                    "enabled": false,
                    "location": "",
                    "point_in_time_recovery_enabled": false,
                    "start_time": "19:00",
                    "transaction_log_retention_days": 7
                  }
                ],
                "collation": "",
                "connector_enforcement": "NOT_REQUIRED",
                "data_cache_config": [
                  {
                    "data_cache_enabled": false
                  }
                ],
                "database_flags": [],
                "deletion_protection_enabled": false,
                "deny_maintenance_period": [],
                "disk_autoresize": true,
                "disk_autoresize_limit": 0,
                "disk_size": 100,
                "disk_type": "PD_HDD",
                "edition": "ENTERPRISE",
                "enable_dataplex_integration": false,
                "enable_google_ml_integration": false,
                "insights_config": [],
                "ip_configuration": [
                  {
                    "allocated_ip_range": "",
                    "authorized_networks": [],
                    "enable_private_path_for_google_cloud_services": false,
                    "ipv4_enabled": true,
                    "private_network": "",
                    "psc_config": [],
                    "server_ca_mode": "GOOGLE_MANAGED_INTERNAL_CA",
                    "server_ca_pool": "",
                    "ssl_mode": "ALLOW_UNENCRYPTED_AND_ENCRYPTED"
                  }
                ],
                "location_preference": [
                  {
                    "follow_gae_application": "",
                    "secondary_zone": "",
                    "zone": "asia-northeast2-a"
                  }
                ],
                "maintenance_window": [
                  {
                    "day": 7,
                    "hour": 3,
                    "update_track": ""
                  }
                ],
                "password_validation_policy": [],
                "pricing_plan": "PER_USE",
                "sql_server_audit_config": [],
                "tier": "db-custom-1-3840",
                "time_zone": "",
                "user_labels": {},
                "version": 1
              }
            ],
            "timeouts": {
              "create": "10m",
              "delete": "10m",
              "update": "10m"
            }
          },
          "sensitive_attributes": [
            [
              {
                "type": "get_attr",
                "value": "server_ca_cert"
              }
            ],
            [
              {
                "type": "get_attr",
                "value": "root_password"
              }
            ]
          ],
          "private": "eyJlMmJmYjczMC1lY2FhLTExZTYtOGY4OC0zNDM2M2JjN2M0YzAiOnsiY3JlYXRlIjo2MDAwMDAwMDAwMDAsImRlbGV0ZSI6NjAwMDAwMDAwMDAwLCJ1cGRhdGUiOjYwMDAwMDAwMDAwMH19"
        }
      ]
    },
    {
      "mode": "managed",
      "type": "google_sql_user",
      "name": "om_db_user",
      "provider": "provider[\"registry.terraform.io/hashicorp/google\"].mitsui-jp-net",
      "instances": [
        {
          "schema_version": 1,
          "attributes": {
            "deletion_policy": null,
            "host": "",
            "id": "openmetadata-user//jp-cloudsql-postgres",
            "instance": "jp-cloudsql-postgres",
            "name": "openmetadata-user",
            "password": "qe6ElbwBwWU5curU",
            "password_policy": [],
            "password_wo": null,
            "password_wo_version": null,
            "project": "mitsui-jp-network-defaroyan",
            "sql_server_user_details": [],
            "timeouts": null,
            "type": ""
          },
          "sensitive_attributes": [
            [
              {
                "type": "get_attr",
                "value": "password"
              }
            ]
          ],
          "private": "eyJlMmJmYjczMC1lY2FhLTExZTYtOGY4OC0zNDM2M2JjN2M0YzAiOnsiY3JlYXRlIjo2MDAwMDAwMDAwMDAsImRlbGV0ZSI6NjAwMDAwMDAwMDAwLCJ1cGRhdGUiOjYwMDAwMDAwMDAwMH0sInNjaGVtYV92ZXJzaW9uIjoiMSJ9",
          "dependencies": [
            "google_sql_database_instance.postgres_instance",
            "random_password.om_db_password"
          ]
        }
      ]
    },
    {
      "mode": "managed",
      "type": "random_password",
      "name": "om_db_password",
      "provider": "provider[\"registry.terraform.io/hashicorp/random\"]",
      "instances": [
        {
          "schema_version": 3,
          "attributes": {
            "bcrypt_hash": "$2a$10$CyUVQ1WgVw0XXcVzgbSG/.W8ijuFIytEMWk3TXkOjVN3/adcZRJkW",
            "id": "none",
            "keepers": null,
            "length": 16,
            "lower": true,
            "min_lower": 0,
            "min_numeric": 0,
            "min_special": 0,
            "min_upper": 0,
            "number": true,
            "numeric": true,
            "override_special": null,
            "result": "qe6ElbwBwWU5curU",
            "special": false,
            "upper": true
          },
          "sensitive_attributes": [
            [
              {
                "type": "get_attr",
                "value": "bcrypt_hash"
              }
            ],
            [
              {
                "type": "get_attr",
                "value": "result"
              }
            ]
          ]
        }
      ]
    }
  ],
  "check_results": null
}
